// !$*UTF8*$!
{
	archiveVersion = 1;
	classes = {
	};
	objectVersion = 46;
	objects = {

/* Begin PBXBuildFile section */
		A0020E681A7B7B7A00011D74 /* AppDelegate.swift in Sources */ = {isa = PBXBuildFile; fileRef = A0020E671A7B7B7A00011D74 /* AppDelegate.swift */; };
		A0020E6A1A7B7B7A00011D74 /* ViewController.swift in Sources */ = {isa = PBXBuildFile; fileRef = A0020E691A7B7B7A00011D74 /* ViewController.swift */; };
		A0020E6D1A7B7B7A00011D74 /* Main.storyboard in Resources */ = {isa = PBXBuildFile; fileRef = A0020E6B1A7B7B7A00011D74 /* Main.storyboard */; };
		A0020E6F1A7B7B7A00011D74 /* Images.xcassets in Resources */ = {isa = PBXBuildFile; fileRef = A0020E6E1A7B7B7A00011D74 /* Images.xcassets */; };
		A0020E721A7B7B7A00011D74 /* LaunchScreen.xib in Resources */ = {isa = PBXBuildFile; fileRef = A0020E701A7B7B7A00011D74 /* LaunchScreen.xib */; };
		A0020E7E1A7B7B7A00011D74 /* motionTests.swift in Sources */ = {isa = PBXBuildFile; fileRef = A0020E7D1A7B7B7A00011D74 /* motionTests.swift */; };
		A0020E881A7B809F00011D74 /* CoreMotion.framework in Frameworks */ = {isa = PBXBuildFile; fileRef = A0020E871A7B809F00011D74 /* CoreMotion.framework */; };
/* End PBXBuildFile section */

/* Begin PBXContainerItemProxy section */
		A0020E781A7B7B7A00011D74 /* PBXContainerItemProxy */ = {
			isa = PBXContainerItemProxy;
			containerPortal = A0020E5A1A7B7B7900011D74 /* Project object */;
			proxyType = 1;
			remoteGlobalIDString = A0020E611A7B7B7A00011D74;
			remoteInfo = motion;
		};
/* End PBXContainerItemProxy section */

/* Begin PBXFileReference section */
		A0020E621A7B7B7A00011D74 /* motion.app */ = {isa = PBXFileReference; explicitFileType = wrapper.application; includeInIndex = 0; path = motion.app; sourceTree = BUILT_PRODUCTS_DIR; };
		A0020E661A7B7B7A00011D74 /* Info.plist */ = {isa = PBXFileReference; lastKnownFileType = text.plist.xml; path = Info.plist; sourceTree = "<group>"; };
		A0020E671A7B7B7A00011D74 /* AppDelegate.swift */ = {isa = PBXFileReference; lastKnownFileType = sourcecode.swift; path = AppDelegate.swift; sourceTree = "<group>"; };
		A0020E691A7B7B7A00011D74 /* ViewController.swift */ = {isa = PBXFileReference; lastKnownFileType = sourcecode.swift; path = ViewController.swift; sourceTree = "<group>"; };
		A0020E6C1A7B7B7A00011D74 /* Base */ = {isa = PBXFileReference; lastKnownFileType = file.storyboard; name = Base; path = Base.lproj/Main.storyboard; sourceTree = "<group>"; };
		A0020E6E1A7B7B7A00011D74 /* Images.xcassets */ = {isa = PBXFileReference; lastKnownFileType = folder.assetcatalog; path = Images.xcassets; sourceTree = "<group>"; };
		A0020E711A7B7B7A00011D74 /* Base */ = {isa = PBXFileReference; lastKnownFileType = file.xib; name = Base; path = Base.lproj/LaunchScreen.xib; sourceTree = "<group>"; };
		A0020E771A7B7B7A00011D74 /* motionTests.xctest */ = {isa = PBXFileReference; explicitFileType = wrapper.cfbundle; includeInIndex = 0; path = motionTests.xctest; sourceTree = BUILT_PRODUCTS_DIR; };
		A0020E7C1A7B7B7A00011D74 /* Info.plist */ = {isa = PBXFileReference; lastKnownFileType = text.plist.xml; path = Info.plist; sourceTree = "<group>"; };
		A0020E7D1A7B7B7A00011D74 /* motionTests.swift */ = {isa = PBXFileReference; lastKnownFileType = sourcecode.swift; path = motionTests.swift; sourceTree = "<group>"; };
		A0020E871A7B809F00011D74 /* CoreMotion.framework */ = {isa = PBXFileReference; lastKnownFileType = wrapper.framework; name = CoreMotion.framework; path = System/Library/Frameworks/CoreMotion.framework; sourceTree = SDKROOT; };
/* End PBXFileReference section */

/* Begin PBXFrameworksBuildPhase section */
		A0020E5F1A7B7B7A00011D74 /* Frameworks */ = {
			isa = PBXFrameworksBuildPhase;
			buildActionMask = 2147483647;
			files = (
				A0020E881A7B809F00011D74 /* CoreMotion.framework in Frameworks */,
			);
			runOnlyForDeploymentPostprocessing = 0;
		};
		A0020E741A7B7B7A00011D74 /* Frameworks */ = {
			isa = PBXFrameworksBuildPhase;
			buildActionMask = 2147483647;
			files = (
			);
			runOnlyForDeploymentPostprocessing = 0;
		};
/* End PBXFrameworksBuildPhase section */

/* Begin PBXGroup section */
		A0020E591A7B7B7900011D74 = {
			isa = PBXGroup;
			children = (
				A0020E871A7B809F00011D74 /* CoreMotion.framework */,
				A0020E641A7B7B7A00011D74 /* motion */,
				A0020E7A1A7B7B7A00011D74 /* motionTests */,
				A0020E631A7B7B7A00011D74 /* Products */,
			);
			sourceTree = "<group>";
		};
		A0020E631A7B7B7A00011D74 /* Products */ = {
			isa = PBXGroup;
			children = (
				A0020E621A7B7B7A00011D74 /* motion.app */,
				A0020E771A7B7B7A00011D74 /* motionTests.xctest */,
			);
			name = Products;
			sourceTree = "<group>";
		};
		A0020E641A7B7B7A00011D74 /* motion */ = {
			isa = PBXGroup;
			children = (
				A0020E671A7B7B7A00011D74 /* AppDelegate.swift */,
				A0020E691A7B7B7A00011D74 /* ViewController.swift */,
				A0020E6B1A7B7B7A00011D74 /* Main.storyboard */,
				A0020E6E1A7B7B7A00011D74 /* Images.xcassets */,
				A0020E701A7B7B7A00011D74 /* LaunchScreen.xib */,
				A0020E651A7B7B7A00011D74 /* Supporting Files */,
			);
			path = motion;
			sourceTree = "<group>";
		};
		A0020E651A7B7B7A00011D74 /* Supporting Files */ = {
			isa = PBXGroup;
			children = (
				A0020E661A7B7B7A00011D74 /* Info.plist */,
			);
			name = "Supporting Files";
			sourceTree = "<group>";
		};
		A0020E7A1A7B7B7A00011D74 /* motionTests */ = {
			isa = PBXGroup;
			children = (
				A0020E7D1A7B7B7A00011D74 /* motionTests.swift */,
				A0020E7B1A7B7B7A00011D74 /* Supporting Files */,
			);
			path = motionTests;
			sourceTree = "<group>";
		};
		A0020E7B1A7B7B7A00011D74 /* Supporting Files */ = {
			isa = PBXGroup;
			children = (
				A0020E7C1A7B7B7A00011D74 /* Info.plist */,
			);
			name = "Supporting Files";
			sourceTree = "<group>";
		};
/* End PBXGroup section */

/* Begin PBXNativeTarget section */
		A0020E611A7B7B7A00011D74 /* motion */ = {
			isa = PBXNativeTarget;
			buildConfigurationList = A0020E811A7B7B7A00011D74 /* Build configuration list for PBXNativeTarget "motion" */;
			buildPhases = (
				A0020E5E1A7B7B7A00011D74 /* Sources */,
				A0020E5F1A7B7B7A00011D74 /* Frameworks */,
				A0020E601A7B7B7A00011D74 /* Resources */,
			);
			buildRules = (
			);
			dependencies = (
			);
			name = motion;
			productName = motion;
			productReference = A0020E621A7B7B7A00011D74 /* motion.app */;
			productType = "com.apple.product-type.application";
		};
		A0020E761A7B7B7A00011D74 /* motionTests */ = {
			isa = PBXNativeTarget;
			buildConfigurationList = A0020E841A7B7B7A00011D74 /* Build configuration list for PBXNativeTarget "motionTests" */;
			buildPhases = (
				A0020E731A7B7B7A00011D74 /* Sources */,
				A0020E741A7B7B7A00011D74 /* Frameworks */,
				A0020E751A7B7B7A00011D74 /* Resources */,
			);
			buildRules = (
			);
			dependencies = (
				A0020E791A7B7B7A00011D74 /* PBXTargetDependency */,
			);
			name = motionTests;
			productName = motionTests;
			productReference = A0020E771A7B7B7A00011D74 /* motionTests.xctest */;
			productType = "com.apple.product-type.bundle.unit-test";
		};
/* End PBXNativeTarget section */

/* Begin PBXProject section */
		A0020E5A1A7B7B7900011D74 /* Project object */ = {
			isa = PBXProject;
			attributes = {
				LastUpgradeCheck = 0610;
				ORGANIZATIONNAME = BioBeats;
				TargetAttributes = {
					A0020E611A7B7B7A00011D74 = {
						CreatedOnToolsVersion = 6.1.1;
					};
					A0020E761A7B7B7A00011D74 = {
						CreatedOnToolsVersion = 6.1.1;
						TestTargetID = A0020E611A7B7B7A00011D74;
					};
				};
			};
			buildConfigurationList = A0020E5D1A7B7B7900011D74 /* Build configuration list for PBXProject "motion" */;
			compatibilityVersion = "Xcode 3.2";
			developmentRegion = English;
			hasScannedForEncodings = 0;
			knownRegions = (
				en,
				Base,
			);
			mainGroup = A0020E591A7B7B7900011D74;
			productRefGroup = A0020E631A7B7B7A00011D74 /* Products */;
			projectDirPath = "";
			projectRoot = "";
			targets = (
				A0020E611A7B7B7A00011D74 /* motion */,
				A0020E761A7B7B7A00011D74 /* motionTests */,
			);
		};
/* End PBXProject section */

/* Begin PBXResourcesBuildPhase section */
		A0020E601A7B7B7A00011D74 /* Resources */ = {
			isa = PBXResourcesBuildPhase;
			buildActionMask = 2147483647;
			files = (
				A0020E6D1A7B7B7A00011D74 /* Main.storyboard in Resources */,
				A0020E721A7B7B7A00011D74 /* LaunchScreen.xib in Resources */,
				A0020E6F1A7B7B7A00011D74 /* Images.xcassets in Resources */,
			);
			runOnlyForDeploymentPostprocessing = 0;
		};
		A0020E751A7B7B7A00011D74 /* Resources */ = {
			isa = PBXResourcesBuildPhase;
			buildActionMask = 2147483647;
			files = (
			);
			runOnlyForDeploymentPostprocessing = 0;
		};
/* End PBXResourcesBuildPhase section */

/* Begin PBXSourcesBuildPhase section */
		A0020E5E1A7B7B7A00011D74 /* Sources */ = {
			isa = PBXSourcesBuildPhase;
			buildActionMask = 2147483647;
			files = (
				A0020E6A1A7B7B7A00011D74 /* ViewController.swift in Sources */,
				A0020E681A7B7B7A00011D74 /* AppDelegate.swift in Sources */,
			);
			runOnlyForDeploymentPostprocessing = 0;
		};
		A0020E731A7B7B7A00011D74 /* Sources */ = {
			isa = PBXSourcesBuildPhase;
			buildActionMask = 2147483647;
			files = (
				A0020E7E1A7B7B7A00011D74 /* motionTests.swift in Sources */,
			);
			runOnlyForDeploymentPostprocessing = 0;
		};
/* End PBXSourcesBuildPhase section */

/* Begin PBXTargetDependency section */
		A0020E791A7B7B7A00011D74 /* PBXTargetDependency */ = {
			isa = PBXTargetDependency;
			target = A0020E611A7B7B7A00011D74 /* motion */;
			targetProxy = A0020E781A7B7B7A00011D74 /* PBXContainerItemProxy */;
		};
/* End PBXTargetDependency section */

/* Begin PBXVariantGroup section */
		A0020E6B1A7B7B7A00011D74 /* Main.storyboard */ = {
			isa = PBXVariantGroup;
			children = (
				A0020E6C1A7B7B7A00011D74 /* Base */,
			);
			name = Main.storyboard;
			sourceTree = "<group>";
		};
		A0020E701A7B7B7A00011D74 /* LaunchScreen.xib */ = {
			isa = PBXVariantGroup;
			children = (
				A0020E711A7B7B7A00011D74 /* Base */,
			);
			name = LaunchScreen.xib;
			sourceTree = "<group>";
		};
/* End PBXVariantGroup section */

/* Begin XCBuildConfiguration section */
		A0020E7F1A7B7B7A00011D74 /* Debug */ = {
			isa = XCBuildConfiguration;
			buildSettings = {
				ALWAYS_SEARCH_USER_PATHS = NO;
				CLANG_CXX_LANGUAGE_STANDARD = "gnu++0x";
				CLANG_CXX_LIBRARY = "libc++";
				CLANG_ENABLE_MODULES = YES;
				CLANG_ENABLE_OBJC_ARC = YES;
				CLANG_WARN_BOOL_CONVERSION = YES;
				CLANG_WARN_CONSTANT_CONVERSION = YES;
				CLANG_WARN_DIRECT_OBJC_ISA_USAGE = YES_ERROR;
				CLANG_WARN_EMPTY_BODY = YES;
				CLANG_WARN_ENUM_CONVERSION = YES;
				CLANG_WARN_INT_CONVERSION = YES;
				CLANG_WARN_OBJC_ROOT_CLASS = YES_ERROR;
				CLANG_WARN_UNREACHABLE_CODE = YES;
				CLANG_WARN__DUPLICATE_METHOD_MATCH = YES;
				"CODE_SIGN_IDENTITY[sdk=iphoneos*]" = "iPhone Developer";
				COPY_PHASE_STRIP = NO;
				ENABLE_STRICT_OBJC_MSGSEND = YES;
				GCC_C_LANGUAGE_STANDARD = gnu99;
				GCC_DYNAMIC_NO_PIC = NO;
				GCC_OPTIMIZATION_LEVEL = 0;
				GCC_PREPROCESSOR_DEFINITIONS = (
					"DEBUG=1",
					"$(inherited)",
				);
				GCC_SYMBOLS_PRIVATE_EXTERN = NO;
				GCC_WARN_64_TO_32_BIT_CONVERSION = YES;
				GCC_WARN_ABOUT_RETURN_TYPE = YES_ERROR;
				GCC_WARN_UNDECLARED_SELECTOR = YES;
				GCC_WARN_UNINITIALIZED_AUTOS = YES_AGGRESSIVE;
				GCC_WARN_UNUSED_FUNCTION = YES;
				GCC_WARN_UNUSED_VARIABLE = YES;
				IPHONEOS_DEPLOYMENT_TARGET = 8.1;
				MTL_ENABLE_DEBUG_INFO = YES;
				ONLY_ACTIVE_ARCH = YES;
				SDKROOT = iphoneos;
				SWIFT_OPTIMIZATION_LEVEL = "-Onone";
			};
			name = Debug;
		};
		A0020E801A7B7B7A00011D74 /* Release */ = {
			isa = XCBuildConfiguration;
			buildSettings = {
				ALWAYS_SEARCH_USER_PATHS = NO;
				CLANG_CXX_LANGUAGE_STANDARD = "gnu++0x";
				CLANG_CXX_LIBRARY = "libc++";
				CLANG_ENABLE_MODULES = YES;
				CLANG_ENABLE_OBJC_ARC = YES;
				CLANG_WARN_BOOL_CONVERSION = YES;
				CLANG_WARN_CONSTANT_CONVERSION = YES;
				CLANG_WARN_DIRECT_OBJC_ISA_USAGE = YES_ERROR;
				CLANG_WARN_EMPTY_BODY = YES;
				CLANG_WARN_ENUM_CONVERSION = YES;
				CLANG_WARN_INT_CONVERSION = YES;
				CLANG_WARN_OBJC_ROOT_CLASS = YES_ERROR;
				CLANG_WARN_UNREACHABLE_CODE = YES;
				CLANG_WARN__DUPLICATE_METHOD_MATCH = YES;
				"CODE_SIGN_IDENTITY[sdk=iphoneos*]" = "iPhone Developer";
				COPY_PHASE_STRIP = YES;
				ENABLE_NS_ASSERTIONS = NO;
				ENABLE_STRICT_OBJC_MSGSEND = YES;
				GCC_C_LANGUAGE_STANDARD = gnu99;
				GCC_WARN_64_TO_32_BIT_CONVERSION = YES;
				GCC_WARN_ABOUT_RETURN_TYPE = YES_ERROR;
				GCC_WARN_UNDECLARED_SELECTOR = YES;
				GCC_WARN_UNINITIALIZED_AUTOS = YES_AGGRESSIVE;
				GCC_WARN_UNUSED_FUNCTION = YES;
				GCC_WARN_UNUSED_VARIABLE = YES;
				IPHONEOS_DEPLOYMENT_TARGET = 8.1;
				MTL_ENABLE_DEBUG_INFO = NO;
				SDKROOT = iphoneos;
				VALIDATE_PRODUCT = YES;
			};
			name = Release;
		};
		A0020E821A7B7B7A00011D74 /* Debug */ = {
			isa = XCBuildConfiguration;
			buildSettings = {
				ASSETCATALOG_COMPILER_APPICON_NAME = AppIcon;
				INFOPLIST_FILE = motion/Info.plist;
				LD_RUNPATH_SEARCH_PATHS = "$(inherited) @executable_path/Frameworks";
				PRODUCT_NAME = "$(TARGET_NAME)";
				TARGETED_DEVICE_FAMILY = 1;
				VALID_ARCHS = "armv7 armv7s arm64";
			};
			name = Debug;
		};
		A0020E831A7B7B7A00011D74 /* Release */ = {
			isa = XCBuildConfiguration;
			buildSettings = {
				ASSETCATALOG_COMPILER_APPICON_NAME = AppIcon;
				INFOPLIST_FILE = motion/Info.plist;
				LD_RUNPATH_SEARCH_PATHS = "$(inherited) @executable_path/Frameworks";
				PRODUCT_NAME = "$(TARGET_NAME)";
				TARGETED_DEVICE_FAMILY = 1;
				VALID_ARCHS = "armv7 armv7s arm64";
			};
			name = Release;
		};
		A0020E851A7B7B7A00011D74 /* Debug */ = {
			isa = XCBuildConfiguration;
			buildSettings = {
				BUNDLE_LOADER = "$(TEST_HOST)";
				FRAMEWORK_SEARCH_PATHS = (
					"$(SDKROOT)/Developer/Library/Frameworks",
					"$(inherited)",
				);
				GCC_PREPROCESSOR_DEFINITIONS = (
					"DEBUG=1",
					"$(inherited)",
				);
				INFOPLIST_FILE = motionTests/Info.plist;
				LD_RUNPATH_SEARCH_PATHS = "$(inherited) @executable_path/Frameworks @loader_path/Frameworks";
				PRODUCT_NAME = "$(TARGET_NAME)";
				TEST_HOST = "$(BUILT_PRODUCTS_DIR)/motion.app/motion";
			};
			name = Debug;
		};
		A0020E861A7B7B7A00011D74 /* Release */ = {
			isa = XCBuildConfiguration;
			buildSettings = {
				BUNDLE_LOADER = "$(TEST_HOST)";
				FRAMEWORK_SEARCH_PATHS = (
					"$(SDKROOT)/Developer/Library/Frameworks",
					"$(inherited)",
				);
				INFOPLIST_FILE = motionTests/Info.plist;
				LD_RUNPATH_SEARCH_PATHS = "$(inherited) @executable_path/Frameworks @loader_path/Frameworks";
				PRODUCT_NAME = "$(TARGET_NAME)";
				TEST_HOST = "$(BUILT_PRODUCTS_DIR)/motion.app/motion";
			};
			name = Release;
		};
/* End XCBuildConfiguration section */

/* Begin XCConfigurationList section */
		A0020E5D1A7B7B7900011D74 /* Build configuration list for PBXProject "motion" */ = {
			isa = XCConfigurationList;
			buildConfigurations = (
				A0020E7F1A7B7B7A00011D74 /* Debug */,
				A0020E801A7B7B7A00011D74 /* Release */,
			);
			defaultConfigurationIsVisible = 0;
			defaultConfigurationName = Release;
		};
		A0020E811A7B7B7A00011D74 /* Build configuration list for PBXNativeTarget "motion" */ = {
			isa = XCConfigurationList;
			buildConfigurations = (
				A0020E821A7B7B7A00011D74 /* Debug */,
				A0020E831A7B7B7A00011D74 /* Release */,
			);
			defaultConfigurationIsVisible = 0;
		};
		A0020E841A7B7B7A00011D74 /* Build configuration list for PBXNativeTarget "motionTests" */ = {
			isa = XCConfigurationList;
			buildConfigurations = (
				A0020E851A7B7B7A00011D74 /* Debug */,
				A0020E861A7B7B7A00011D74 /* Release */,
			);
			defaultConfigurationIsVisible = 0;
		};
/* End XCConfigurationList section */
	};
	rootObject = A0020E5A1A7B7B7900011D74 /* Project object */;
}
