// !$*UTF8*$!
{
	archiveVersion = 1;
	classes = {
	};
	objectVersion = 46;
	objects = {

/* Begin PBXBuildFile section */
		A053375B1A1F873B00B43C93 /* main.m in Sources */ = {isa = PBXBuildFile; fileRef = A053375A1A1F873B00B43C93 /* main.m */; };
		A053375E1A1F873B00B43C93 /* AppDelegate.m in Sources */ = {isa = PBXBuildFile; fileRef = A053375D1A1F873B00B43C93 /* AppDelegate.m */; };
		A05337611A1F873B00B43C93 /* Master4.xcdatamodeld in Sources */ = {isa = PBXBuildFile; fileRef = A053375F1A1F873B00B43C93 /* Master4.xcdatamodeld */; };
		A05337641A1F873B00B43C93 /* ViewController.m in Sources */ = {isa = PBXBuildFile; fileRef = A05337631A1F873B00B43C93 /* ViewController.m */; };
		A05337671A1F873B00B43C93 /* Main.storyboard in Resources */ = {isa = PBXBuildFile; fileRef = A05337651A1F873B00B43C93 /* Main.storyboard */; };
		A05337691A1F873B00B43C93 /* Images.xcassets in Resources */ = {isa = PBXBuildFile; fileRef = A05337681A1F873B00B43C93 /* Images.xcassets */; };
		A053376C1A1F873B00B43C93 /* LaunchScreen.xib in Resources */ = {isa = PBXBuildFile; fileRef = A053376A1A1F873B00B43C93 /* LaunchScreen.xib */; };
		A05337781A1F873B00B43C93 /* Master4Tests.m in Sources */ = {isa = PBXBuildFile; fileRef = A05337771A1F873B00B43C93 /* Master4Tests.m */; };
		A05337B41A1FB2FC00B43C93 /* TODOItem.m in Sources */ = {isa = PBXBuildFile; fileRef = A05337B31A1FB2FC00B43C93 /* TODOItem.m */; };
/* End PBXBuildFile section */

/* Begin PBXContainerItemProxy section */
		A05337721A1F873B00B43C93 /* PBXContainerItemProxy */ = {
			isa = PBXContainerItemProxy;
			containerPortal = A053374D1A1F873A00B43C93 /* Project object */;
			proxyType = 1;
			remoteGlobalIDString = A05337541A1F873B00B43C93;
			remoteInfo = Master4;
		};
/* End PBXContainerItemProxy section */

/* Begin PBXFileReference section */
		A05337551A1F873B00B43C93 /* Master4.app */ = {isa = PBXFileReference; explicitFileType = wrapper.application; includeInIndex = 0; path = Master4.app; sourceTree = BUILT_PRODUCTS_DIR; };
		A05337591A1F873B00B43C93 /* Info.plist */ = {isa = PBXFileReference; lastKnownFileType = text.plist.xml; path = Info.plist; sourceTree = "<group>"; };
		A053375A1A1F873B00B43C93 /* main.m */ = {isa = PBXFileReference; lastKnownFileType = sourcecode.c.objc; path = main.m; sourceTree = "<group>"; };
		A053375C1A1F873B00B43C93 /* AppDelegate.h */ = {isa = PBXFileReference; lastKnownFileType = sourcecode.c.h; path = AppDelegate.h; sourceTree = "<group>"; };
		A053375D1A1F873B00B43C93 /* AppDelegate.m */ = {isa = PBXFileReference; lastKnownFileType = sourcecode.c.objc; path = AppDelegate.m; sourceTree = "<group>"; };
		A05337601A1F873B00B43C93 /* Master4.xcdatamodel */ = {isa = PBXFileReference; lastKnownFileType = wrapper.xcdatamodel; path = Master4.xcdatamodel; sourceTree = "<group>"; };
		A05337621A1F873B00B43C93 /* ViewController.h */ = {isa = PBXFileReference; lastKnownFileType = sourcecode.c.h; path = ViewController.h; sourceTree = "<group>"; };
		A05337631A1F873B00B43C93 /* ViewController.m */ = {isa = PBXFileReference; lastKnownFileType = sourcecode.c.objc; path = ViewController.m; sourceTree = "<group>"; };
		A05337661A1F873B00B43C93 /* Base */ = {isa = PBXFileReference; lastKnownFileType = file.storyboard; name = Base; path = Base.lproj/Main.storyboard; sourceTree = "<group>"; };
		A05337681A1F873B00B43C93 /* Images.xcassets */ = {isa = PBXFileReference; lastKnownFileType = folder.assetcatalog; path = Images.xcassets; sourceTree = "<group>"; };
		A053376B1A1F873B00B43C93 /* Base */ = {isa = PBXFileReference; lastKnownFileType = file.xib; name = Base; path = Base.lproj/LaunchScreen.xib; sourceTree = "<group>"; };
		A05337711A1F873B00B43C93 /* Master4Tests.xctest */ = {isa = PBXFileReference; explicitFileType = wrapper.cfbundle; includeInIndex = 0; path = Master4Tests.xctest; sourceTree = BUILT_PRODUCTS_DIR; };
		A05337761A1F873B00B43C93 /* Info.plist */ = {isa = PBXFileReference; lastKnownFileType = text.plist.xml; path = Info.plist; sourceTree = "<group>"; };
		A05337771A1F873B00B43C93 /* Master4Tests.m */ = {isa = PBXFileReference; lastKnownFileType = sourcecode.c.objc; path = Master4Tests.m; sourceTree = "<group>"; };
		A05337A81A1F9E0700B43C93 /* MasterV2.xcdatamodel */ = {isa = PBXFileReference; lastKnownFileType = wrapper.xcdatamodel; path = MasterV2.xcdatamodel; sourceTree = "<group>"; };
		A05337B21A1FB2FC00B43C93 /* TODOItem.h */ = {isa = PBXFileReference; fileEncoding = 4; lastKnownFileType = sourcecode.c.h; path = TODOItem.h; sourceTree = "<group>"; };
		A05337B31A1FB2FC00B43C93 /* TODOItem.m */ = {isa = PBXFileReference; fileEncoding = 4; lastKnownFileType = sourcecode.c.objc; path = TODOItem.m; sourceTree = "<group>"; };
/* End PBXFileReference section */

/* Begin PBXFrameworksBuildPhase section */
		A05337521A1F873B00B43C93 /* Frameworks */ = {
			isa = PBXFrameworksBuildPhase;
			buildActionMask = 2147483647;
			files = (
			);
			runOnlyForDeploymentPostprocessing = 0;
		};
		A053376E1A1F873B00B43C93 /* Frameworks */ = {
			isa = PBXFrameworksBuildPhase;
			buildActionMask = 2147483647;
			files = (
			);
			runOnlyForDeploymentPostprocessing = 0;
		};
/* End PBXFrameworksBuildPhase section */

/* Begin PBXGroup section */
		A053374C1A1F873A00B43C93 = {
			isa = PBXGroup;
			children = (
				A05337571A1F873B00B43C93 /* Master4 */,
				A05337741A1F873B00B43C93 /* Master4Tests */,
				A05337561A1F873B00B43C93 /* Products */,
			);
			sourceTree = "<group>";
		};
		A05337561A1F873B00B43C93 /* Products */ = {
			isa = PBXGroup;
			children = (
				A05337551A1F873B00B43C93 /* Master4.app */,
				A05337711A1F873B00B43C93 /* Master4Tests.xctest */,
			);
			name = Products;
			sourceTree = "<group>";
		};
		A05337571A1F873B00B43C93 /* Master4 */ = {
			isa = PBXGroup;
			children = (
				A053375C1A1F873B00B43C93 /* AppDelegate.h */,
				A053375D1A1F873B00B43C93 /* AppDelegate.m */,
				A05337621A1F873B00B43C93 /* ViewController.h */,
				A05337631A1F873B00B43C93 /* ViewController.m */,
				A05337651A1F873B00B43C93 /* Main.storyboard */,
				A05337681A1F873B00B43C93 /* Images.xcassets */,
				A053376A1A1F873B00B43C93 /* LaunchScreen.xib */,
				A053375F1A1F873B00B43C93 /* Master4.xcdatamodeld */,
				A05337581A1F873B00B43C93 /* Supporting Files */,
				A05337B21A1FB2FC00B43C93 /* TODOItem.h */,
				A05337B31A1FB2FC00B43C93 /* TODOItem.m */,
			);
			path = Master4;
			sourceTree = "<group>";
		};
		A05337581A1F873B00B43C93 /* Supporting Files */ = {
			isa = PBXGroup;
			children = (
				A05337591A1F873B00B43C93 /* Info.plist */,
				A053375A1A1F873B00B43C93 /* main.m */,
			);
			name = "Supporting Files";
			sourceTree = "<group>";
		};
		A05337741A1F873B00B43C93 /* Master4Tests */ = {
			isa = PBXGroup;
			children = (
				A05337771A1F873B00B43C93 /* Master4Tests.m */,
				A05337751A1F873B00B43C93 /* Supporting Files */,
			);
			path = Master4Tests;
			sourceTree = "<group>";
		};
		A05337751A1F873B00B43C93 /* Supporting Files */ = {
			isa = PBXGroup;
			children = (
				A05337761A1F873B00B43C93 /* Info.plist */,
			);
			name = "Supporting Files";
			sourceTree = "<group>";
		};
/* End PBXGroup section */

/* Begin PBXNativeTarget section */
		A05337541A1F873B00B43C93 /* Master4 */ = {
			isa = PBXNativeTarget;
			buildConfigurationList = A053377B1A1F873B00B43C93 /* Build configuration list for PBXNativeTarget "Master4" */;
			buildPhases = (
				A05337511A1F873B00B43C93 /* Sources */,
				A05337521A1F873B00B43C93 /* Frameworks */,
				A05337531A1F873B00B43C93 /* Resources */,
			);
			buildRules = (
			);
			dependencies = (
			);
			name = Master4;
			productName = Master4;
			productReference = A05337551A1F873B00B43C93 /* Master4.app */;
			productType = "com.apple.product-type.application";
		};
		A05337701A1F873B00B43C93 /* Master4Tests */ = {
			isa = PBXNativeTarget;
			buildConfigurationList = A053377E1A1F873B00B43C93 /* Build configuration list for PBXNativeTarget "Master4Tests" */;
			buildPhases = (
				A053376D1A1F873B00B43C93 /* Sources */,
				A053376E1A1F873B00B43C93 /* Frameworks */,
				A053376F1A1F873B00B43C93 /* Resources */,
			);
			buildRules = (
			);
			dependencies = (
				A05337731A1F873B00B43C93 /* PBXTargetDependency */,
			);
			name = Master4Tests;
			productName = Master4Tests;
			productReference = A05337711A1F873B00B43C93 /* Master4Tests.xctest */;
			productType = "com.apple.product-type.bundle.unit-test";
		};
/* End PBXNativeTarget section */

/* Begin PBXProject section */
		A053374D1A1F873A00B43C93 /* Project object */ = {
			isa = PBXProject;
			attributes = {
				LastUpgradeCheck = 0610;
				ORGANIZATIONNAME = com.biobeats;
				TargetAttributes = {
					A05337541A1F873B00B43C93 = {
						CreatedOnToolsVersion = 6.1;
					};
					A05337701A1F873B00B43C93 = {
						CreatedOnToolsVersion = 6.1;
						TestTargetID = A05337541A1F873B00B43C93;
					};
				};
			};
			buildConfigurationList = A05337501A1F873A00B43C93 /* Build configuration list for PBXProject "Master4" */;
			compatibilityVersion = "Xcode 3.2";
			developmentRegion = English;
			hasScannedForEncodings = 0;
			knownRegions = (
				en,
				Base,
			);
			mainGroup = A053374C1A1F873A00B43C93;
			productRefGroup = A05337561A1F873B00B43C93 /* Products */;
			projectDirPath = "";
			projectRoot = "";
			targets = (
				A05337541A1F873B00B43C93 /* Master4 */,
				A05337701A1F873B00B43C93 /* Master4Tests */,
			);
		};
/* End PBXProject section */

/* Begin PBXResourcesBuildPhase section */
		A05337531A1F873B00B43C93 /* Resources */ = {
			isa = PBXResourcesBuildPhase;
			buildActionMask = 2147483647;
			files = (
				A05337671A1F873B00B43C93 /* Main.storyboard in Resources */,
				A053376C1A1F873B00B43C93 /* LaunchScreen.xib in Resources */,
				A05337691A1F873B00B43C93 /* Images.xcassets in Resources */,
			);
			runOnlyForDeploymentPostprocessing = 0;
		};
		A053376F1A1F873B00B43C93 /* Resources */ = {
			isa = PBXResourcesBuildPhase;
			buildActionMask = 2147483647;
			files = (
			);
			runOnlyForDeploymentPostprocessing = 0;
		};
/* End PBXResourcesBuildPhase section */

/* Begin PBXSourcesBuildPhase section */
		A05337511A1F873B00B43C93 /* Sources */ = {
			isa = PBXSourcesBuildPhase;
			buildActionMask = 2147483647;
			files = (
				A05337B41A1FB2FC00B43C93 /* TODOItem.m in Sources */,
				A05337611A1F873B00B43C93 /* Master4.xcdatamodeld in Sources */,
				A053375E1A1F873B00B43C93 /* AppDelegate.m in Sources */,
				A05337641A1F873B00B43C93 /* ViewController.m in Sources */,
				A053375B1A1F873B00B43C93 /* main.m in Sources */,
			);
			runOnlyForDeploymentPostprocessing = 0;
		};
		A053376D1A1F873B00B43C93 /* Sources */ = {
			isa = PBXSourcesBuildPhase;
			buildActionMask = 2147483647;
			files = (
				A05337781A1F873B00B43C93 /* Master4Tests.m in Sources */,
			);
			runOnlyForDeploymentPostprocessing = 0;
		};
/* End PBXSourcesBuildPhase section */

/* Begin PBXTargetDependency section */
		A05337731A1F873B00B43C93 /* PBXTargetDependency */ = {
			isa = PBXTargetDependency;
			target = A05337541A1F873B00B43C93 /* Master4 */;
			targetProxy = A05337721A1F873B00B43C93 /* PBXContainerItemProxy */;
		};
/* End PBXTargetDependency section */

/* Begin PBXVariantGroup section */
		A05337651A1F873B00B43C93 /* Main.storyboard */ = {
			isa = PBXVariantGroup;
			children = (
				A05337661A1F873B00B43C93 /* Base */,
			);
			name = Main.storyboard;
			sourceTree = "<group>";
		};
		A053376A1A1F873B00B43C93 /* LaunchScreen.xib */ = {
			isa = PBXVariantGroup;
			children = (
				A053376B1A1F873B00B43C93 /* Base */,
			);
			name = LaunchScreen.xib;
			sourceTree = "<group>";
		};
/* End PBXVariantGroup section */

/* Begin XCBuildConfiguration section */
		A05337791A1F873B00B43C93 /* Debug */ = {
			isa = XCBuildConfiguration;
			buildSettings = {
				ALWAYS_SEARCH_USER_PATHS = NO;
				CLANG_CXX_LANGUAGE_STANDARD = "gnu++0x";
				CLANG_CXX_LIBRARY = "libc++";
				CLANG_ENABLE_MODULES = YES;
				CLANG_ENABLE_OBJC_ARC = YES;
				CLANG_WARN_BOOL_CONVERSION = YES;
				CLANG_WARN_CONSTANT_CONVERSION = YES;
				CLANG_WARN_DIRECT_OBJC_ISA_USAGE = YES_ERROR;
				CLANG_WARN_EMPTY_BODY = YES;
				CLANG_WARN_ENUM_CONVERSION = YES;
				CLANG_WARN_INT_CONVERSION = YES;
				CLANG_WARN_OBJC_ROOT_CLASS = YES_ERROR;
				CLANG_WARN_UNREACHABLE_CODE = YES;
				CLANG_WARN__DUPLICATE_METHOD_MATCH = YES;
				"CODE_SIGN_IDENTITY[sdk=iphoneos*]" = "iPhone Developer";
				COPY_PHASE_STRIP = NO;
				ENABLE_STRICT_OBJC_MSGSEND = YES;
				GCC_C_LANGUAGE_STANDARD = gnu99;
				GCC_DYNAMIC_NO_PIC = NO;
				GCC_OPTIMIZATION_LEVEL = 0;
				GCC_PREPROCESSOR_DEFINITIONS = (
					"DEBUG=1",
					"$(inherited)",
				);
				GCC_SYMBOLS_PRIVATE_EXTERN = NO;
				GCC_WARN_64_TO_32_BIT_CONVERSION = YES;
				GCC_WARN_ABOUT_RETURN_TYPE = YES_ERROR;
				GCC_WARN_UNDECLARED_SELECTOR = YES;
				GCC_WARN_UNINITIALIZED_AUTOS = YES_AGGRESSIVE;
				GCC_WARN_UNUSED_FUNCTION = YES;
				GCC_WARN_UNUSED_VARIABLE = YES;
				IPHONEOS_DEPLOYMENT_TARGET = 8.1;
				MTL_ENABLE_DEBUG_INFO = YES;
				ONLY_ACTIVE_ARCH = YES;
				SDKROOT = iphoneos;
			};
			name = Debug;
		};
		A053377A1A1F873B00B43C93 /* Release */ = {
			isa = XCBuildConfiguration;
			buildSettings = {
				ALWAYS_SEARCH_USER_PATHS = NO;
				CLANG_CXX_LANGUAGE_STANDARD = "gnu++0x";
				CLANG_CXX_LIBRARY = "libc++";
				CLANG_ENABLE_MODULES = YES;
				CLANG_ENABLE_OBJC_ARC = YES;
				CLANG_WARN_BOOL_CONVERSION = YES;
				CLANG_WARN_CONSTANT_CONVERSION = YES;
				CLANG_WARN_DIRECT_OBJC_ISA_USAGE = YES_ERROR;
				CLANG_WARN_EMPTY_BODY = YES;
				CLANG_WARN_ENUM_CONVERSION = YES;
				CLANG_WARN_INT_CONVERSION = YES;
				CLANG_WARN_OBJC_ROOT_CLASS = YES_ERROR;
				CLANG_WARN_UNREACHABLE_CODE = YES;
				CLANG_WARN__DUPLICATE_METHOD_MATCH = YES;
				"CODE_SIGN_IDENTITY[sdk=iphoneos*]" = "iPhone Developer";
				COPY_PHASE_STRIP = YES;
				ENABLE_NS_ASSERTIONS = NO;
				ENABLE_STRICT_OBJC_MSGSEND = YES;
				GCC_C_LANGUAGE_STANDARD = gnu99;
				GCC_WARN_64_TO_32_BIT_CONVERSION = YES;
				GCC_WARN_ABOUT_RETURN_TYPE = YES_ERROR;
				GCC_WARN_UNDECLARED_SELECTOR = YES;
				GCC_WARN_UNINITIALIZED_AUTOS = YES_AGGRESSIVE;
				GCC_WARN_UNUSED_FUNCTION = YES;
				GCC_WARN_UNUSED_VARIABLE = YES;
				IPHONEOS_DEPLOYMENT_TARGET = 8.1;
				MTL_ENABLE_DEBUG_INFO = NO;
				SDKROOT = iphoneos;
				VALIDATE_PRODUCT = YES;
			};
			name = Release;
		};
		A053377C1A1F873B00B43C93 /* Debug */ = {
			isa = XCBuildConfiguration;
			buildSettings = {
				ASSETCATALOG_COMPILER_APPICON_NAME = AppIcon;
				INFOPLIST_FILE = Master4/Info.plist;
				LD_RUNPATH_SEARCH_PATHS = "$(inherited) @executable_path/Frameworks";
				PRODUCT_NAME = "$(TARGET_NAME)";
			};
			name = Debug;
		};
		A053377D1A1F873B00B43C93 /* Release */ = {
			isa = XCBuildConfiguration;
			buildSettings = {
				ASSETCATALOG_COMPILER_APPICON_NAME = AppIcon;
				INFOPLIST_FILE = Master4/Info.plist;
				LD_RUNPATH_SEARCH_PATHS = "$(inherited) @executable_path/Frameworks";
				PRODUCT_NAME = "$(TARGET_NAME)";
			};
			name = Release;
		};
		A053377F1A1F873B00B43C93 /* Debug */ = {
			isa = XCBuildConfiguration;
			buildSettings = {
				BUNDLE_LOADER = "$(TEST_HOST)";
				FRAMEWORK_SEARCH_PATHS = (
					"$(SDKROOT)/Developer/Library/Frameworks",
					"$(inherited)",
				);
				GCC_PREPROCESSOR_DEFINITIONS = (
					"DEBUG=1",
					"$(inherited)",
				);
				INFOPLIST_FILE = Master4Tests/Info.plist;
				LD_RUNPATH_SEARCH_PATHS = "$(inherited) @executable_path/Frameworks @loader_path/Frameworks";
				PRODUCT_NAME = "$(TARGET_NAME)";
				TEST_HOST = "$(BUILT_PRODUCTS_DIR)/Master4.app/Master4";
			};
			name = Debug;
		};
		A05337801A1F873B00B43C93 /* Release */ = {
			isa = XCBuildConfiguration;
			buildSettings = {
				BUNDLE_LOADER = "$(TEST_HOST)";
				FRAMEWORK_SEARCH_PATHS = (
					"$(SDKROOT)/Developer/Library/Frameworks",
					"$(inherited)",
				);
				INFOPLIST_FILE = Master4Tests/Info.plist;
				LD_RUNPATH_SEARCH_PATHS = "$(inherited) @executable_path/Frameworks @loader_path/Frameworks";
				PRODUCT_NAME = "$(TARGET_NAME)";
				TEST_HOST = "$(BUILT_PRODUCTS_DIR)/Master4.app/Master4";
			};
			name = Release;
		};
/* End XCBuildConfiguration section */

/* Begin XCConfigurationList section */
		A05337501A1F873A00B43C93 /* Build configuration list for PBXProject "Master4" */ = {
			isa = XCConfigurationList;
			buildConfigurations = (
				A05337791A1F873B00B43C93 /* Debug */,
				A053377A1A1F873B00B43C93 /* Release */,
			);
			defaultConfigurationIsVisible = 0;
			defaultConfigurationName = Release;
		};
		A053377B1A1F873B00B43C93 /* Build configuration list for PBXNativeTarget "Master4" */ = {
			isa = XCConfigurationList;
			buildConfigurations = (
				A053377C1A1F873B00B43C93 /* Debug */,
				A053377D1A1F873B00B43C93 /* Release */,
			);
			defaultConfigurationIsVisible = 0;
		};
		A053377E1A1F873B00B43C93 /* Build configuration list for PBXNativeTarget "Master4Tests" */ = {
			isa = XCConfigurationList;
			buildConfigurations = (
				A053377F1A1F873B00B43C93 /* Debug */,
				A05337801A1F873B00B43C93 /* Release */,
			);
			defaultConfigurationIsVisible = 0;
		};
/* End XCConfigurationList section */

/* Begin XCVersionGroup section */
		A053375F1A1F873B00B43C93 /* Master4.xcdatamodeld */ = {
			isa = XCVersionGroup;
			children = (
				A05337A81A1F9E0700B43C93 /* MasterV2.xcdatamodel */,
				A05337601A1F873B00B43C93 /* Master4.xcdatamodel */,
			);
			currentVersion = A05337601A1F873B00B43C93 /* Master4.xcdatamodel */;
			path = Master4.xcdatamodeld;
			sourceTree = "<group>";
			versionGroupType = wrapper.xcdatamodel;
		};
/* End XCVersionGroup section */
	};
	rootObject = A053374D1A1F873A00B43C93 /* Project object */;
}
