// !$*UTF8*$!
{
	archiveVersion = 1;
	classes = {
	};
	objectVersion = 46;
	objects = {

/* Begin PBXBuildFile section */
		A01E724C1A7BA99800A88FD1 /* AppDelegate.swift in Sources */ = {isa = PBXBuildFile; fileRef = A01E724B1A7BA99800A88FD1 /* AppDelegate.swift */; };
		A01E724E1A7BA99800A88FD1 /* ViewController.swift in Sources */ = {isa = PBXBuildFile; fileRef = A01E724D1A7BA99800A88FD1 /* ViewController.swift */; };
		A01E72511A7BA99800A88FD1 /* Main.storyboard in Resources */ = {isa = PBXBuildFile; fileRef = A01E724F1A7BA99800A88FD1 /* Main.storyboard */; };
		A01E72531A7BA99800A88FD1 /* Images.xcassets in Resources */ = {isa = PBXBuildFile; fileRef = A01E72521A7BA99800A88FD1 /* Images.xcassets */; };
		A01E72561A7BA99800A88FD1 /* LaunchScreen.xib in Resources */ = {isa = PBXBuildFile; fileRef = A01E72541A7BA99800A88FD1 /* LaunchScreen.xib */; };
		A01E72621A7BA99800A88FD1 /* locationTests.swift in Sources */ = {isa = PBXBuildFile; fileRef = A01E72611A7BA99800A88FD1 /* locationTests.swift */; };
/* End PBXBuildFile section */

/* Begin PBXContainerItemProxy section */
		A01E725C1A7BA99800A88FD1 /* PBXContainerItemProxy */ = {
			isa = PBXContainerItemProxy;
			containerPortal = A01E723E1A7BA99800A88FD1 /* Project object */;
			proxyType = 1;
			remoteGlobalIDString = A01E72451A7BA99800A88FD1;
			remoteInfo = location;
		};
/* End PBXContainerItemProxy section */

/* Begin PBXFileReference section */
		A01E72461A7BA99800A88FD1 /* location.app */ = {isa = PBXFileReference; explicitFileType = wrapper.application; includeInIndex = 0; path = location.app; sourceTree = BUILT_PRODUCTS_DIR; };
		A01E724A1A7BA99800A88FD1 /* Info.plist */ = {isa = PBXFileReference; lastKnownFileType = text.plist.xml; path = Info.plist; sourceTree = "<group>"; };
		A01E724B1A7BA99800A88FD1 /* AppDelegate.swift */ = {isa = PBXFileReference; lastKnownFileType = sourcecode.swift; path = AppDelegate.swift; sourceTree = "<group>"; };
		A01E724D1A7BA99800A88FD1 /* ViewController.swift */ = {isa = PBXFileReference; lastKnownFileType = sourcecode.swift; path = ViewController.swift; sourceTree = "<group>"; };
		A01E72501A7BA99800A88FD1 /* Base */ = {isa = PBXFileReference; lastKnownFileType = file.storyboard; name = Base; path = Base.lproj/Main.storyboard; sourceTree = "<group>"; };
		A01E72521A7BA99800A88FD1 /* Images.xcassets */ = {isa = PBXFileReference; lastKnownFileType = folder.assetcatalog; path = Images.xcassets; sourceTree = "<group>"; };
		A01E72551A7BA99800A88FD1 /* Base */ = {isa = PBXFileReference; lastKnownFileType = file.xib; name = Base; path = Base.lproj/LaunchScreen.xib; sourceTree = "<group>"; };
		A01E725B1A7BA99800A88FD1 /* locationTests.xctest */ = {isa = PBXFileReference; explicitFileType = wrapper.cfbundle; includeInIndex = 0; path = locationTests.xctest; sourceTree = BUILT_PRODUCTS_DIR; };
		A01E72601A7BA99800A88FD1 /* Info.plist */ = {isa = PBXFileReference; lastKnownFileType = text.plist.xml; path = Info.plist; sourceTree = "<group>"; };
		A01E72611A7BA99800A88FD1 /* locationTests.swift */ = {isa = PBXFileReference; lastKnownFileType = sourcecode.swift; path = locationTests.swift; sourceTree = "<group>"; };
/* End PBXFileReference section */

/* Begin PBXFrameworksBuildPhase section */
		A01E72431A7BA99800A88FD1 /* Frameworks */ = {
			isa = PBXFrameworksBuildPhase;
			buildActionMask = 2147483647;
			files = (
			);
			runOnlyForDeploymentPostprocessing = 0;
		};
		A01E72581A7BA99800A88FD1 /* Frameworks */ = {
			isa = PBXFrameworksBuildPhase;
			buildActionMask = 2147483647;
			files = (
			);
			runOnlyForDeploymentPostprocessing = 0;
		};
/* End PBXFrameworksBuildPhase section */

/* Begin PBXGroup section */
		A01E723D1A7BA99800A88FD1 = {
			isa = PBXGroup;
			children = (
				A01E72481A7BA99800A88FD1 /* location */,
				A01E725E1A7BA99800A88FD1 /* locationTests */,
				A01E72471A7BA99800A88FD1 /* Products */,
			);
			sourceTree = "<group>";
		};
		A01E72471A7BA99800A88FD1 /* Products */ = {
			isa = PBXGroup;
			children = (
				A01E72461A7BA99800A88FD1 /* location.app */,
				A01E725B1A7BA99800A88FD1 /* locationTests.xctest */,
			);
			name = Products;
			sourceTree = "<group>";
		};
		A01E72481A7BA99800A88FD1 /* location */ = {
			isa = PBXGroup;
			children = (
				A01E724B1A7BA99800A88FD1 /* AppDelegate.swift */,
				A01E724D1A7BA99800A88FD1 /* ViewController.swift */,
				A01E724F1A7BA99800A88FD1 /* Main.storyboard */,
				A01E72521A7BA99800A88FD1 /* Images.xcassets */,
				A01E72541A7BA99800A88FD1 /* LaunchScreen.xib */,
				A01E72491A7BA99800A88FD1 /* Supporting Files */,
			);
			path = location;
			sourceTree = "<group>";
		};
		A01E72491A7BA99800A88FD1 /* Supporting Files */ = {
			isa = PBXGroup;
			children = (
				A01E724A1A7BA99800A88FD1 /* Info.plist */,
			);
			name = "Supporting Files";
			sourceTree = "<group>";
		};
		A01E725E1A7BA99800A88FD1 /* locationTests */ = {
			isa = PBXGroup;
			children = (
				A01E72611A7BA99800A88FD1 /* locationTests.swift */,
				A01E725F1A7BA99800A88FD1 /* Supporting Files */,
			);
			path = locationTests;
			sourceTree = "<group>";
		};
		A01E725F1A7BA99800A88FD1 /* Supporting Files */ = {
			isa = PBXGroup;
			children = (
				A01E72601A7BA99800A88FD1 /* Info.plist */,
			);
			name = "Supporting Files";
			sourceTree = "<group>";
		};
/* End PBXGroup section */

/* Begin PBXNativeTarget section */
		A01E72451A7BA99800A88FD1 /* location */ = {
			isa = PBXNativeTarget;
			buildConfigurationList = A01E72651A7BA99800A88FD1 /* Build configuration list for PBXNativeTarget "location" */;
			buildPhases = (
				A01E72421A7BA99800A88FD1 /* Sources */,
				A01E72431A7BA99800A88FD1 /* Frameworks */,
				A01E72441A7BA99800A88FD1 /* Resources */,
			);
			buildRules = (
			);
			dependencies = (
			);
			name = location;
			productName = location;
			productReference = A01E72461A7BA99800A88FD1 /* location.app */;
			productType = "com.apple.product-type.application";
		};
		A01E725A1A7BA99800A88FD1 /* locationTests */ = {
			isa = PBXNativeTarget;
			buildConfigurationList = A01E72681A7BA99800A88FD1 /* Build configuration list for PBXNativeTarget "locationTests" */;
			buildPhases = (
				A01E72571A7BA99800A88FD1 /* Sources */,
				A01E72581A7BA99800A88FD1 /* Frameworks */,
				A01E72591A7BA99800A88FD1 /* Resources */,
			);
			buildRules = (
			);
			dependencies = (
				A01E725D1A7BA99800A88FD1 /* PBXTargetDependency */,
			);
			name = locationTests;
			productName = locationTests;
			productReference = A01E725B1A7BA99800A88FD1 /* locationTests.xctest */;
			productType = "com.apple.product-type.bundle.unit-test";
		};
/* End PBXNativeTarget section */

/* Begin PBXProject section */
		A01E723E1A7BA99800A88FD1 /* Project object */ = {
			isa = PBXProject;
			attributes = {
				LastUpgradeCheck = 0610;
				ORGANIZATIONNAME = BioBeats;
				TargetAttributes = {
					A01E72451A7BA99800A88FD1 = {
						CreatedOnToolsVersion = 6.1.1;
					};
					A01E725A1A7BA99800A88FD1 = {
						CreatedOnToolsVersion = 6.1.1;
						TestTargetID = A01E72451A7BA99800A88FD1;
					};
				};
			};
			buildConfigurationList = A01E72411A7BA99800A88FD1 /* Build configuration list for PBXProject "location" */;
			compatibilityVersion = "Xcode 3.2";
			developmentRegion = English;
			hasScannedForEncodings = 0;
			knownRegions = (
				en,
				Base,
			);
			mainGroup = A01E723D1A7BA99800A88FD1;
			productRefGroup = A01E72471A7BA99800A88FD1 /* Products */;
			projectDirPath = "";
			projectRoot = "";
			targets = (
				A01E72451A7BA99800A88FD1 /* location */,
				A01E725A1A7BA99800A88FD1 /* locationTests */,
			);
		};
/* End PBXProject section */

/* Begin PBXResourcesBuildPhase section */
		A01E72441A7BA99800A88FD1 /* Resources */ = {
			isa = PBXResourcesBuildPhase;
			buildActionMask = 2147483647;
			files = (
				A01E72511A7BA99800A88FD1 /* Main.storyboard in Resources */,
				A01E72561A7BA99800A88FD1 /* LaunchScreen.xib in Resources */,
				A01E72531A7BA99800A88FD1 /* Images.xcassets in Resources */,
			);
			runOnlyForDeploymentPostprocessing = 0;
		};
		A01E72591A7BA99800A88FD1 /* Resources */ = {
			isa = PBXResourcesBuildPhase;
			buildActionMask = 2147483647;
			files = (
			);
			runOnlyForDeploymentPostprocessing = 0;
		};
/* End PBXResourcesBuildPhase section */

/* Begin PBXSourcesBuildPhase section */
		A01E72421A7BA99800A88FD1 /* Sources */ = {
			isa = PBXSourcesBuildPhase;
			buildActionMask = 2147483647;
			files = (
				A01E724E1A7BA99800A88FD1 /* ViewController.swift in Sources */,
				A01E724C1A7BA99800A88FD1 /* AppDelegate.swift in Sources */,
			);
			runOnlyForDeploymentPostprocessing = 0;
		};
		A01E72571A7BA99800A88FD1 /* Sources */ = {
			isa = PBXSourcesBuildPhase;
			buildActionMask = 2147483647;
			files = (
				A01E72621A7BA99800A88FD1 /* locationTests.swift in Sources */,
			);
			runOnlyForDeploymentPostprocessing = 0;
		};
/* End PBXSourcesBuildPhase section */

/* Begin PBXTargetDependency section */
		A01E725D1A7BA99800A88FD1 /* PBXTargetDependency */ = {
			isa = PBXTargetDependency;
			target = A01E72451A7BA99800A88FD1 /* location */;
			targetProxy = A01E725C1A7BA99800A88FD1 /* PBXContainerItemProxy */;
		};
/* End PBXTargetDependency section */

/* Begin PBXVariantGroup section */
		A01E724F1A7BA99800A88FD1 /* Main.storyboard */ = {
			isa = PBXVariantGroup;
			children = (
				A01E72501A7BA99800A88FD1 /* Base */,
			);
			name = Main.storyboard;
			sourceTree = "<group>";
		};
		A01E72541A7BA99800A88FD1 /* LaunchScreen.xib */ = {
			isa = PBXVariantGroup;
			children = (
				A01E72551A7BA99800A88FD1 /* Base */,
			);
			name = LaunchScreen.xib;
			sourceTree = "<group>";
		};
/* End PBXVariantGroup section */

/* Begin XCBuildConfiguration section */
		A01E72631A7BA99800A88FD1 /* Debug */ = {
			isa = XCBuildConfiguration;
			buildSettings = {
				ALWAYS_SEARCH_USER_PATHS = NO;
				CLANG_CXX_LANGUAGE_STANDARD = "gnu++0x";
				CLANG_CXX_LIBRARY = "libc++";
				CLANG_ENABLE_MODULES = YES;
				CLANG_ENABLE_OBJC_ARC = YES;
				CLANG_WARN_BOOL_CONVERSION = YES;
				CLANG_WARN_CONSTANT_CONVERSION = YES;
				CLANG_WARN_DIRECT_OBJC_ISA_USAGE = YES_ERROR;
				CLANG_WARN_EMPTY_BODY = YES;
				CLANG_WARN_ENUM_CONVERSION = YES;
				CLANG_WARN_INT_CONVERSION = YES;
				CLANG_WARN_OBJC_ROOT_CLASS = YES_ERROR;
				CLANG_WARN_UNREACHABLE_CODE = YES;
				CLANG_WARN__DUPLICATE_METHOD_MATCH = YES;
				"CODE_SIGN_IDENTITY[sdk=iphoneos*]" = "iPhone Developer";
				COPY_PHASE_STRIP = NO;
				ENABLE_STRICT_OBJC_MSGSEND = YES;
				GCC_C_LANGUAGE_STANDARD = gnu99;
				GCC_DYNAMIC_NO_PIC = NO;
				GCC_OPTIMIZATION_LEVEL = 0;
				GCC_PREPROCESSOR_DEFINITIONS = (
					"DEBUG=1",
					"$(inherited)",
				);
				GCC_SYMBOLS_PRIVATE_EXTERN = NO;
				GCC_WARN_64_TO_32_BIT_CONVERSION = YES;
				GCC_WARN_ABOUT_RETURN_TYPE = YES_ERROR;
				GCC_WARN_UNDECLARED_SELECTOR = YES;
				GCC_WARN_UNINITIALIZED_AUTOS = YES_AGGRESSIVE;
				GCC_WARN_UNUSED_FUNCTION = YES;
				GCC_WARN_UNUSED_VARIABLE = YES;
				IPHONEOS_DEPLOYMENT_TARGET = 8.1;
				MTL_ENABLE_DEBUG_INFO = YES;
				ONLY_ACTIVE_ARCH = YES;
				SDKROOT = iphoneos;
				SWIFT_OPTIMIZATION_LEVEL = "-Onone";
			};
			name = Debug;
		};
		A01E72641A7BA99800A88FD1 /* Release */ = {
			isa = XCBuildConfiguration;
			buildSettings = {
				ALWAYS_SEARCH_USER_PATHS = NO;
				CLANG_CXX_LANGUAGE_STANDARD = "gnu++0x";
				CLANG_CXX_LIBRARY = "libc++";
				CLANG_ENABLE_MODULES = YES;
				CLANG_ENABLE_OBJC_ARC = YES;
				CLANG_WARN_BOOL_CONVERSION = YES;
				CLANG_WARN_CONSTANT_CONVERSION = YES;
				CLANG_WARN_DIRECT_OBJC_ISA_USAGE = YES_ERROR;
				CLANG_WARN_EMPTY_BODY = YES;
				CLANG_WARN_ENUM_CONVERSION = YES;
				CLANG_WARN_INT_CONVERSION = YES;
				CLANG_WARN_OBJC_ROOT_CLASS = YES_ERROR;
				CLANG_WARN_UNREACHABLE_CODE = YES;
				CLANG_WARN__DUPLICATE_METHOD_MATCH = YES;
				"CODE_SIGN_IDENTITY[sdk=iphoneos*]" = "iPhone Developer";
				COPY_PHASE_STRIP = YES;
				ENABLE_NS_ASSERTIONS = NO;
				ENABLE_STRICT_OBJC_MSGSEND = YES;
				GCC_C_LANGUAGE_STANDARD = gnu99;
				GCC_WARN_64_TO_32_BIT_CONVERSION = YES;
				GCC_WARN_ABOUT_RETURN_TYPE = YES_ERROR;
				GCC_WARN_UNDECLARED_SELECTOR = YES;
				GCC_WARN_UNINITIALIZED_AUTOS = YES_AGGRESSIVE;
				GCC_WARN_UNUSED_FUNCTION = YES;
				GCC_WARN_UNUSED_VARIABLE = YES;
				IPHONEOS_DEPLOYMENT_TARGET = 8.1;
				MTL_ENABLE_DEBUG_INFO = NO;
				SDKROOT = iphoneos;
				VALIDATE_PRODUCT = YES;
			};
			name = Release;
		};
		A01E72661A7BA99800A88FD1 /* Debug */ = {
			isa = XCBuildConfiguration;
			buildSettings = {
				ASSETCATALOG_COMPILER_APPICON_NAME = AppIcon;
				INFOPLIST_FILE = location/Info.plist;
				LD_RUNPATH_SEARCH_PATHS = "$(inherited) @executable_path/Frameworks";
				PRODUCT_NAME = "$(TARGET_NAME)";
			};
			name = Debug;
		};
		A01E72671A7BA99800A88FD1 /* Release */ = {
			isa = XCBuildConfiguration;
			buildSettings = {
				ASSETCATALOG_COMPILER_APPICON_NAME = AppIcon;
				INFOPLIST_FILE = location/Info.plist;
				LD_RUNPATH_SEARCH_PATHS = "$(inherited) @executable_path/Frameworks";
				PRODUCT_NAME = "$(TARGET_NAME)";
			};
			name = Release;
		};
		A01E72691A7BA99800A88FD1 /* Debug */ = {
			isa = XCBuildConfiguration;
			buildSettings = {
				BUNDLE_LOADER = "$(TEST_HOST)";
				FRAMEWORK_SEARCH_PATHS = (
					"$(SDKROOT)/Developer/Library/Frameworks",
					"$(inherited)",
				);
				GCC_PREPROCESSOR_DEFINITIONS = (
					"DEBUG=1",
					"$(inherited)",
				);
				INFOPLIST_FILE = locationTests/Info.plist;
				LD_RUNPATH_SEARCH_PATHS = "$(inherited) @executable_path/Frameworks @loader_path/Frameworks";
				PRODUCT_NAME = "$(TARGET_NAME)";
				TEST_HOST = "$(BUILT_PRODUCTS_DIR)/location.app/location";
			};
			name = Debug;
		};
		A01E726A1A7BA99800A88FD1 /* Release */ = {
			isa = XCBuildConfiguration;
			buildSettings = {
				BUNDLE_LOADER = "$(TEST_HOST)";
				FRAMEWORK_SEARCH_PATHS = (
					"$(SDKROOT)/Developer/Library/Frameworks",
					"$(inherited)",
				);
				INFOPLIST_FILE = locationTests/Info.plist;
				LD_RUNPATH_SEARCH_PATHS = "$(inherited) @executable_path/Frameworks @loader_path/Frameworks";
				PRODUCT_NAME = "$(TARGET_NAME)";
				TEST_HOST = "$(BUILT_PRODUCTS_DIR)/location.app/location";
			};
			name = Release;
		};
/* End XCBuildConfiguration section */

/* Begin XCConfigurationList section */
		A01E72411A7BA99800A88FD1 /* Build configuration list for PBXProject "location" */ = {
			isa = XCConfigurationList;
			buildConfigurations = (
				A01E72631A7BA99800A88FD1 /* Debug */,
				A01E72641A7BA99800A88FD1 /* Release */,
			);
			defaultConfigurationIsVisible = 0;
			defaultConfigurationName = Release;
		};
		A01E72651A7BA99800A88FD1 /* Build configuration list for PBXNativeTarget "location" */ = {
			isa = XCConfigurationList;
			buildConfigurations = (
				A01E72661A7BA99800A88FD1 /* Debug */,
				A01E72671A7BA99800A88FD1 /* Release */,
			);
			defaultConfigurationIsVisible = 0;
		};
		A01E72681A7BA99800A88FD1 /* Build configuration list for PBXNativeTarget "locationTests" */ = {
			isa = XCConfigurationList;
			buildConfigurations = (
				A01E72691A7BA99800A88FD1 /* Debug */,
				A01E726A1A7BA99800A88FD1 /* Release */,
			);
			defaultConfigurationIsVisible = 0;
		};
/* End XCConfigurationList section */
	};
	rootObject = A01E723E1A7BA99800A88FD1 /* Project object */;
}
