// !$*UTF8*$!
{
	archiveVersion = 1;
	classes = {
	};
	objectVersion = 46;
	objects = {

/* Begin PBXBuildFile section */
		A0EF18D61A37B97E00C8F47C /* AppDelegate.swift in Sources */ = {isa = PBXBuildFile; fileRef = A0EF18D51A37B97E00C8F47C /* AppDelegate.swift */; };
		A0EF18D91A37B97E00C8F47C /* hanoi.xcdatamodeld in Sources */ = {isa = PBXBuildFile; fileRef = A0EF18D71A37B97E00C8F47C /* hanoi.xcdatamodeld */; };
		A0EF18DB1A37B97E00C8F47C /* ViewController.swift in Sources */ = {isa = PBXBuildFile; fileRef = A0EF18DA1A37B97E00C8F47C /* ViewController.swift */; };
		A0EF18DE1A37B97E00C8F47C /* Main.storyboard in Resources */ = {isa = PBXBuildFile; fileRef = A0EF18DC1A37B97E00C8F47C /* Main.storyboard */; };
		A0EF18E01A37B97E00C8F47C /* Images.xcassets in Resources */ = {isa = PBXBuildFile; fileRef = A0EF18DF1A37B97E00C8F47C /* Images.xcassets */; };
		A0EF18E31A37B97E00C8F47C /* LaunchScreen.xib in Resources */ = {isa = PBXBuildFile; fileRef = A0EF18E11A37B97E00C8F47C /* LaunchScreen.xib */; };
		A0EF18EF1A37B97E00C8F47C /* hanoiTests.swift in Sources */ = {isa = PBXBuildFile; fileRef = A0EF18EE1A37B97E00C8F47C /* hanoiTests.swift */; };
/* End PBXBuildFile section */

/* Begin PBXContainerItemProxy section */
		A0EF18E91A37B97E00C8F47C /* PBXContainerItemProxy */ = {
			isa = PBXContainerItemProxy;
			containerPortal = A0EF18C81A37B97E00C8F47C /* Project object */;
			proxyType = 1;
			remoteGlobalIDString = A0EF18CF1A37B97E00C8F47C;
			remoteInfo = hanoi;
		};
/* End PBXContainerItemProxy section */

/* Begin PBXFileReference section */
		A0EF18D01A37B97E00C8F47C /* hanoi.app */ = {isa = PBXFileReference; explicitFileType = wrapper.application; includeInIndex = 0; path = hanoi.app; sourceTree = BUILT_PRODUCTS_DIR; };
		A0EF18D41A37B97E00C8F47C /* Info.plist */ = {isa = PBXFileReference; lastKnownFileType = text.plist.xml; path = Info.plist; sourceTree = "<group>"; };
		A0EF18D51A37B97E00C8F47C /* AppDelegate.swift */ = {isa = PBXFileReference; lastKnownFileType = sourcecode.swift; path = AppDelegate.swift; sourceTree = "<group>"; };
		A0EF18D81A37B97E00C8F47C /* hanoi.xcdatamodel */ = {isa = PBXFileReference; lastKnownFileType = wrapper.xcdatamodel; path = hanoi.xcdatamodel; sourceTree = "<group>"; };
		A0EF18DA1A37B97E00C8F47C /* ViewController.swift */ = {isa = PBXFileReference; lastKnownFileType = sourcecode.swift; path = ViewController.swift; sourceTree = "<group>"; };
		A0EF18DD1A37B97E00C8F47C /* Base */ = {isa = PBXFileReference; lastKnownFileType = file.storyboard; name = Base; path = Base.lproj/Main.storyboard; sourceTree = "<group>"; };
		A0EF18DF1A37B97E00C8F47C /* Images.xcassets */ = {isa = PBXFileReference; lastKnownFileType = folder.assetcatalog; path = Images.xcassets; sourceTree = "<group>"; };
		A0EF18E21A37B97E00C8F47C /* Base */ = {isa = PBXFileReference; lastKnownFileType = file.xib; name = Base; path = Base.lproj/LaunchScreen.xib; sourceTree = "<group>"; };
		A0EF18E81A37B97E00C8F47C /* hanoiTests.xctest */ = {isa = PBXFileReference; explicitFileType = wrapper.cfbundle; includeInIndex = 0; path = hanoiTests.xctest; sourceTree = BUILT_PRODUCTS_DIR; };
		A0EF18ED1A37B97E00C8F47C /* Info.plist */ = {isa = PBXFileReference; lastKnownFileType = text.plist.xml; path = Info.plist; sourceTree = "<group>"; };
		A0EF18EE1A37B97E00C8F47C /* hanoiTests.swift */ = {isa = PBXFileReference; lastKnownFileType = sourcecode.swift; path = hanoiTests.swift; sourceTree = "<group>"; };
/* End PBXFileReference section */

/* Begin PBXFrameworksBuildPhase section */
		A0EF18CD1A37B97E00C8F47C /* Frameworks */ = {
			isa = PBXFrameworksBuildPhase;
			buildActionMask = 2147483647;
			files = (
			);
			runOnlyForDeploymentPostprocessing = 0;
		};
		A0EF18E51A37B97E00C8F47C /* Frameworks */ = {
			isa = PBXFrameworksBuildPhase;
			buildActionMask = 2147483647;
			files = (
			);
			runOnlyForDeploymentPostprocessing = 0;
		};
/* End PBXFrameworksBuildPhase section */

/* Begin PBXGroup section */
		A0EF18C71A37B97E00C8F47C = {
			isa = PBXGroup;
			children = (
				A0EF18D21A37B97E00C8F47C /* hanoi */,
				A0EF18EB1A37B97E00C8F47C /* hanoiTests */,
				A0EF18D11A37B97E00C8F47C /* Products */,
			);
			sourceTree = "<group>";
		};
		A0EF18D11A37B97E00C8F47C /* Products */ = {
			isa = PBXGroup;
			children = (
				A0EF18D01A37B97E00C8F47C /* hanoi.app */,
				A0EF18E81A37B97E00C8F47C /* hanoiTests.xctest */,
			);
			name = Products;
			sourceTree = "<group>";
		};
		A0EF18D21A37B97E00C8F47C /* hanoi */ = {
			isa = PBXGroup;
			children = (
				A0EF18D51A37B97E00C8F47C /* AppDelegate.swift */,
				A0EF18DA1A37B97E00C8F47C /* ViewController.swift */,
				A0EF18DC1A37B97E00C8F47C /* Main.storyboard */,
				A0EF18DF1A37B97E00C8F47C /* Images.xcassets */,
				A0EF18E11A37B97E00C8F47C /* LaunchScreen.xib */,
				A0EF18D71A37B97E00C8F47C /* hanoi.xcdatamodeld */,
				A0EF18D31A37B97E00C8F47C /* Supporting Files */,
			);
			path = hanoi;
			sourceTree = "<group>";
		};
		A0EF18D31A37B97E00C8F47C /* Supporting Files */ = {
			isa = PBXGroup;
			children = (
				A0EF18D41A37B97E00C8F47C /* Info.plist */,
			);
			name = "Supporting Files";
			sourceTree = "<group>";
		};
		A0EF18EB1A37B97E00C8F47C /* hanoiTests */ = {
			isa = PBXGroup;
			children = (
				A0EF18EE1A37B97E00C8F47C /* hanoiTests.swift */,
				A0EF18EC1A37B97E00C8F47C /* Supporting Files */,
			);
			path = hanoiTests;
			sourceTree = "<group>";
		};
		A0EF18EC1A37B97E00C8F47C /* Supporting Files */ = {
			isa = PBXGroup;
			children = (
				A0EF18ED1A37B97E00C8F47C /* Info.plist */,
			);
			name = "Supporting Files";
			sourceTree = "<group>";
		};
/* End PBXGroup section */

/* Begin PBXNativeTarget section */
		A0EF18CF1A37B97E00C8F47C /* hanoi */ = {
			isa = PBXNativeTarget;
			buildConfigurationList = A0EF18F21A37B97E00C8F47C /* Build configuration list for PBXNativeTarget "hanoi" */;
			buildPhases = (
				A0EF18CC1A37B97E00C8F47C /* Sources */,
				A0EF18CD1A37B97E00C8F47C /* Frameworks */,
				A0EF18CE1A37B97E00C8F47C /* Resources */,
			);
			buildRules = (
			);
			dependencies = (
			);
			name = hanoi;
			productName = hanoi;
			productReference = A0EF18D01A37B97E00C8F47C /* hanoi.app */;
			productType = "com.apple.product-type.application";
		};
		A0EF18E71A37B97E00C8F47C /* hanoiTests */ = {
			isa = PBXNativeTarget;
			buildConfigurationList = A0EF18F51A37B97E00C8F47C /* Build configuration list for PBXNativeTarget "hanoiTests" */;
			buildPhases = (
				A0EF18E41A37B97E00C8F47C /* Sources */,
				A0EF18E51A37B97E00C8F47C /* Frameworks */,
				A0EF18E61A37B97E00C8F47C /* Resources */,
			);
			buildRules = (
			);
			dependencies = (
				A0EF18EA1A37B97E00C8F47C /* PBXTargetDependency */,
			);
			name = hanoiTests;
			productName = hanoiTests;
			productReference = A0EF18E81A37B97E00C8F47C /* hanoiTests.xctest */;
			productType = "com.apple.product-type.bundle.unit-test";
		};
/* End PBXNativeTarget section */

/* Begin PBXProject section */
		A0EF18C81A37B97E00C8F47C /* Project object */ = {
			isa = PBXProject;
			attributes = {
				LastUpgradeCheck = 0610;
				ORGANIZATIONNAME = com.biobeats;
				TargetAttributes = {
					A0EF18CF1A37B97E00C8F47C = {
						CreatedOnToolsVersion = 6.1.1;
					};
					A0EF18E71A37B97E00C8F47C = {
						CreatedOnToolsVersion = 6.1.1;
						TestTargetID = A0EF18CF1A37B97E00C8F47C;
					};
				};
			};
			buildConfigurationList = A0EF18CB1A37B97E00C8F47C /* Build configuration list for PBXProject "hanoi" */;
			compatibilityVersion = "Xcode 3.2";
			developmentRegion = English;
			hasScannedForEncodings = 0;
			knownRegions = (
				en,
				Base,
			);
			mainGroup = A0EF18C71A37B97E00C8F47C;
			productRefGroup = A0EF18D11A37B97E00C8F47C /* Products */;
			projectDirPath = "";
			projectRoot = "";
			targets = (
				A0EF18CF1A37B97E00C8F47C /* hanoi */,
				A0EF18E71A37B97E00C8F47C /* hanoiTests */,
			);
		};
/* End PBXProject section */

/* Begin PBXResourcesBuildPhase section */
		A0EF18CE1A37B97E00C8F47C /* Resources */ = {
			isa = PBXResourcesBuildPhase;
			buildActionMask = 2147483647;
			files = (
				A0EF18DE1A37B97E00C8F47C /* Main.storyboard in Resources */,
				A0EF18E31A37B97E00C8F47C /* LaunchScreen.xib in Resources */,
				A0EF18E01A37B97E00C8F47C /* Images.xcassets in Resources */,
			);
			runOnlyForDeploymentPostprocessing = 0;
		};
		A0EF18E61A37B97E00C8F47C /* Resources */ = {
			isa = PBXResourcesBuildPhase;
			buildActionMask = 2147483647;
			files = (
			);
			runOnlyForDeploymentPostprocessing = 0;
		};
/* End PBXResourcesBuildPhase section */

/* Begin PBXSourcesBuildPhase section */
		A0EF18CC1A37B97E00C8F47C /* Sources */ = {
			isa = PBXSourcesBuildPhase;
			buildActionMask = 2147483647;
			files = (
				A0EF18DB1A37B97E00C8F47C /* ViewController.swift in Sources */,
				A0EF18D61A37B97E00C8F47C /* AppDelegate.swift in Sources */,
				A0EF18D91A37B97E00C8F47C /* hanoi.xcdatamodeld in Sources */,
			);
			runOnlyForDeploymentPostprocessing = 0;
		};
		A0EF18E41A37B97E00C8F47C /* Sources */ = {
			isa = PBXSourcesBuildPhase;
			buildActionMask = 2147483647;
			files = (
				A0EF18EF1A37B97E00C8F47C /* hanoiTests.swift in Sources */,
			);
			runOnlyForDeploymentPostprocessing = 0;
		};
/* End PBXSourcesBuildPhase section */

/* Begin PBXTargetDependency section */
		A0EF18EA1A37B97E00C8F47C /* PBXTargetDependency */ = {
			isa = PBXTargetDependency;
			target = A0EF18CF1A37B97E00C8F47C /* hanoi */;
			targetProxy = A0EF18E91A37B97E00C8F47C /* PBXContainerItemProxy */;
		};
/* End PBXTargetDependency section */

/* Begin PBXVariantGroup section */
		A0EF18DC1A37B97E00C8F47C /* Main.storyboard */ = {
			isa = PBXVariantGroup;
			children = (
				A0EF18DD1A37B97E00C8F47C /* Base */,
			);
			name = Main.storyboard;
			sourceTree = "<group>";
		};
		A0EF18E11A37B97E00C8F47C /* LaunchScreen.xib */ = {
			isa = PBXVariantGroup;
			children = (
				A0EF18E21A37B97E00C8F47C /* Base */,
			);
			name = LaunchScreen.xib;
			sourceTree = "<group>";
		};
/* End PBXVariantGroup section */

/* Begin XCBuildConfiguration section */
		A0EF18F01A37B97E00C8F47C /* Debug */ = {
			isa = XCBuildConfiguration;
			buildSettings = {
				ALWAYS_SEARCH_USER_PATHS = NO;
				CLANG_CXX_LANGUAGE_STANDARD = "gnu++0x";
				CLANG_CXX_LIBRARY = "libc++";
				CLANG_ENABLE_MODULES = YES;
				CLANG_ENABLE_OBJC_ARC = YES;
				CLANG_WARN_BOOL_CONVERSION = YES;
				CLANG_WARN_CONSTANT_CONVERSION = YES;
				CLANG_WARN_DIRECT_OBJC_ISA_USAGE = YES_ERROR;
				CLANG_WARN_EMPTY_BODY = YES;
				CLANG_WARN_ENUM_CONVERSION = YES;
				CLANG_WARN_INT_CONVERSION = YES;
				CLANG_WARN_OBJC_ROOT_CLASS = YES_ERROR;
				CLANG_WARN_UNREACHABLE_CODE = YES;
				CLANG_WARN__DUPLICATE_METHOD_MATCH = YES;
				"CODE_SIGN_IDENTITY[sdk=iphoneos*]" = "iPhone Developer";
				COPY_PHASE_STRIP = NO;
				ENABLE_STRICT_OBJC_MSGSEND = YES;
				GCC_C_LANGUAGE_STANDARD = gnu99;
				GCC_DYNAMIC_NO_PIC = NO;
				GCC_OPTIMIZATION_LEVEL = 0;
				GCC_PREPROCESSOR_DEFINITIONS = (
					"DEBUG=1",
					"$(inherited)",
				);
				GCC_SYMBOLS_PRIVATE_EXTERN = NO;
				GCC_WARN_64_TO_32_BIT_CONVERSION = YES;
				GCC_WARN_ABOUT_RETURN_TYPE = YES_ERROR;
				GCC_WARN_UNDECLARED_SELECTOR = YES;
				GCC_WARN_UNINITIALIZED_AUTOS = YES_AGGRESSIVE;
				GCC_WARN_UNUSED_FUNCTION = YES;
				GCC_WARN_UNUSED_VARIABLE = YES;
				IPHONEOS_DEPLOYMENT_TARGET = 8.1;
				MTL_ENABLE_DEBUG_INFO = YES;
				ONLY_ACTIVE_ARCH = YES;
				SDKROOT = iphoneos;
				SWIFT_OPTIMIZATION_LEVEL = "-Onone";
			};
			name = Debug;
		};
		A0EF18F11A37B97E00C8F47C /* Release */ = {
			isa = XCBuildConfiguration;
			buildSettings = {
				ALWAYS_SEARCH_USER_PATHS = NO;
				CLANG_CXX_LANGUAGE_STANDARD = "gnu++0x";
				CLANG_CXX_LIBRARY = "libc++";
				CLANG_ENABLE_MODULES = YES;
				CLANG_ENABLE_OBJC_ARC = YES;
				CLANG_WARN_BOOL_CONVERSION = YES;
				CLANG_WARN_CONSTANT_CONVERSION = YES;
				CLANG_WARN_DIRECT_OBJC_ISA_USAGE = YES_ERROR;
				CLANG_WARN_EMPTY_BODY = YES;
				CLANG_WARN_ENUM_CONVERSION = YES;
				CLANG_WARN_INT_CONVERSION = YES;
				CLANG_WARN_OBJC_ROOT_CLASS = YES_ERROR;
				CLANG_WARN_UNREACHABLE_CODE = YES;
				CLANG_WARN__DUPLICATE_METHOD_MATCH = YES;
				"CODE_SIGN_IDENTITY[sdk=iphoneos*]" = "iPhone Developer";
				COPY_PHASE_STRIP = YES;
				ENABLE_NS_ASSERTIONS = NO;
				ENABLE_STRICT_OBJC_MSGSEND = YES;
				GCC_C_LANGUAGE_STANDARD = gnu99;
				GCC_WARN_64_TO_32_BIT_CONVERSION = YES;
				GCC_WARN_ABOUT_RETURN_TYPE = YES_ERROR;
				GCC_WARN_UNDECLARED_SELECTOR = YES;
				GCC_WARN_UNINITIALIZED_AUTOS = YES_AGGRESSIVE;
				GCC_WARN_UNUSED_FUNCTION = YES;
				GCC_WARN_UNUSED_VARIABLE = YES;
				IPHONEOS_DEPLOYMENT_TARGET = 8.1;
				MTL_ENABLE_DEBUG_INFO = NO;
				SDKROOT = iphoneos;
				VALIDATE_PRODUCT = YES;
			};
			name = Release;
		};
		A0EF18F31A37B97E00C8F47C /* Debug */ = {
			isa = XCBuildConfiguration;
			buildSettings = {
				ASSETCATALOG_COMPILER_APPICON_NAME = AppIcon;
				INFOPLIST_FILE = hanoi/Info.plist;
				LD_RUNPATH_SEARCH_PATHS = "$(inherited) @executable_path/Frameworks";
				PRODUCT_NAME = "$(TARGET_NAME)";
			};
			name = Debug;
		};
		A0EF18F41A37B97E00C8F47C /* Release */ = {
			isa = XCBuildConfiguration;
			buildSettings = {
				ASSETCATALOG_COMPILER_APPICON_NAME = AppIcon;
				INFOPLIST_FILE = hanoi/Info.plist;
				LD_RUNPATH_SEARCH_PATHS = "$(inherited) @executable_path/Frameworks";
				PRODUCT_NAME = "$(TARGET_NAME)";
			};
			name = Release;
		};
		A0EF18F61A37B97E00C8F47C /* Debug */ = {
			isa = XCBuildConfiguration;
			buildSettings = {
				BUNDLE_LOADER = "$(TEST_HOST)";
				FRAMEWORK_SEARCH_PATHS = (
					"$(SDKROOT)/Developer/Library/Frameworks",
					"$(inherited)",
				);
				GCC_PREPROCESSOR_DEFINITIONS = (
					"DEBUG=1",
					"$(inherited)",
				);
				INFOPLIST_FILE = hanoiTests/Info.plist;
				LD_RUNPATH_SEARCH_PATHS = "$(inherited) @executable_path/Frameworks @loader_path/Frameworks";
				PRODUCT_NAME = "$(TARGET_NAME)";
				TEST_HOST = "$(BUILT_PRODUCTS_DIR)/hanoi.app/hanoi";
			};
			name = Debug;
		};
		A0EF18F71A37B97E00C8F47C /* Release */ = {
			isa = XCBuildConfiguration;
			buildSettings = {
				BUNDLE_LOADER = "$(TEST_HOST)";
				FRAMEWORK_SEARCH_PATHS = (
					"$(SDKROOT)/Developer/Library/Frameworks",
					"$(inherited)",
				);
				INFOPLIST_FILE = hanoiTests/Info.plist;
				LD_RUNPATH_SEARCH_PATHS = "$(inherited) @executable_path/Frameworks @loader_path/Frameworks";
				PRODUCT_NAME = "$(TARGET_NAME)";
				TEST_HOST = "$(BUILT_PRODUCTS_DIR)/hanoi.app/hanoi";
			};
			name = Release;
		};
/* End XCBuildConfiguration section */

/* Begin XCConfigurationList section */
		A0EF18CB1A37B97E00C8F47C /* Build configuration list for PBXProject "hanoi" */ = {
			isa = XCConfigurationList;
			buildConfigurations = (
				A0EF18F01A37B97E00C8F47C /* Debug */,
				A0EF18F11A37B97E00C8F47C /* Release */,
			);
			defaultConfigurationIsVisible = 0;
			defaultConfigurationName = Release;
		};
		A0EF18F21A37B97E00C8F47C /* Build configuration list for PBXNativeTarget "hanoi" */ = {
			isa = XCConfigurationList;
			buildConfigurations = (
				A0EF18F31A37B97E00C8F47C /* Debug */,
				A0EF18F41A37B97E00C8F47C /* Release */,
			);
			defaultConfigurationIsVisible = 0;
		};
		A0EF18F51A37B97E00C8F47C /* Build configuration list for PBXNativeTarget "hanoiTests" */ = {
			isa = XCConfigurationList;
			buildConfigurations = (
				A0EF18F61A37B97E00C8F47C /* Debug */,
				A0EF18F71A37B97E00C8F47C /* Release */,
			);
			defaultConfigurationIsVisible = 0;
		};
/* End XCConfigurationList section */

/* Begin XCVersionGroup section */
		A0EF18D71A37B97E00C8F47C /* hanoi.xcdatamodeld */ = {
			isa = XCVersionGroup;
			children = (
				A0EF18D81A37B97E00C8F47C /* hanoi.xcdatamodel */,
			);
			currentVersion = A0EF18D81A37B97E00C8F47C /* hanoi.xcdatamodel */;
			path = hanoi.xcdatamodeld;
			sourceTree = "<group>";
			versionGroupType = wrapper.xcdatamodel;
		};
/* End XCVersionGroup section */
	};
	rootObject = A0EF18C81A37B97E00C8F47C /* Project object */;
}
