// !$*UTF8*$!
{
	archiveVersion = 1;
	classes = {
	};
	objectVersion = 46;
	objects = {

/* Begin PBXBuildFile section */
		A0FE84F41A0E30C800D55F65 /* main.m in Sources */ = {isa = PBXBuildFile; fileRef = A0FE84F31A0E30C800D55F65 /* main.m */; };
		A0FE84F71A0E30C800D55F65 /* AppDelegate.m in Sources */ = {isa = PBXBuildFile; fileRef = A0FE84F61A0E30C800D55F65 /* AppDelegate.m */; };
		A0FE84FA1A0E30C800D55F65 /* ViewController.m in Sources */ = {isa = PBXBuildFile; fileRef = A0FE84F91A0E30C800D55F65 /* ViewController.m */; };
		A0FE84FD1A0E30C800D55F65 /* Main.storyboard in Resources */ = {isa = PBXBuildFile; fileRef = A0FE84FB1A0E30C800D55F65 /* Main.storyboard */; };
		A0FE84FF1A0E30C800D55F65 /* Images.xcassets in Resources */ = {isa = PBXBuildFile; fileRef = A0FE84FE1A0E30C800D55F65 /* Images.xcassets */; };
		A0FE85021A0E30C800D55F65 /* LaunchScreen.xib in Resources */ = {isa = PBXBuildFile; fileRef = A0FE85001A0E30C800D55F65 /* LaunchScreen.xib */; };
		A0FE850E1A0E30C800D55F65 /* Master2Tests.m in Sources */ = {isa = PBXBuildFile; fileRef = A0FE850D1A0E30C800D55F65 /* Master2Tests.m */; };
/* End PBXBuildFile section */

/* Begin PBXContainerItemProxy section */
		A0FE85081A0E30C800D55F65 /* PBXContainerItemProxy */ = {
			isa = PBXContainerItemProxy;
			containerPortal = A0FE84E61A0E30C800D55F65 /* Project object */;
			proxyType = 1;
			remoteGlobalIDString = A0FE84ED1A0E30C800D55F65;
			remoteInfo = Master2;
		};
/* End PBXContainerItemProxy section */

/* Begin PBXFileReference section */
		A0FE84EE1A0E30C800D55F65 /* Master2.app */ = {isa = PBXFileReference; explicitFileType = wrapper.application; includeInIndex = 0; path = Master2.app; sourceTree = BUILT_PRODUCTS_DIR; };
		A0FE84F21A0E30C800D55F65 /* Info.plist */ = {isa = PBXFileReference; lastKnownFileType = text.plist.xml; path = Info.plist; sourceTree = "<group>"; };
		A0FE84F31A0E30C800D55F65 /* main.m */ = {isa = PBXFileReference; lastKnownFileType = sourcecode.c.objc; path = main.m; sourceTree = "<group>"; };
		A0FE84F51A0E30C800D55F65 /* AppDelegate.h */ = {isa = PBXFileReference; lastKnownFileType = sourcecode.c.h; path = AppDelegate.h; sourceTree = "<group>"; };
		A0FE84F61A0E30C800D55F65 /* AppDelegate.m */ = {isa = PBXFileReference; lastKnownFileType = sourcecode.c.objc; path = AppDelegate.m; sourceTree = "<group>"; };
		A0FE84F81A0E30C800D55F65 /* ViewController.h */ = {isa = PBXFileReference; lastKnownFileType = sourcecode.c.h; path = ViewController.h; sourceTree = "<group>"; };
		A0FE84F91A0E30C800D55F65 /* ViewController.m */ = {isa = PBXFileReference; lastKnownFileType = sourcecode.c.objc; path = ViewController.m; sourceTree = "<group>"; };
		A0FE84FC1A0E30C800D55F65 /* Base */ = {isa = PBXFileReference; lastKnownFileType = file.storyboard; name = Base; path = Base.lproj/Main.storyboard; sourceTree = "<group>"; };
		A0FE84FE1A0E30C800D55F65 /* Images.xcassets */ = {isa = PBXFileReference; lastKnownFileType = folder.assetcatalog; path = Images.xcassets; sourceTree = "<group>"; };
		A0FE85011A0E30C800D55F65 /* Base */ = {isa = PBXFileReference; lastKnownFileType = file.xib; name = Base; path = Base.lproj/LaunchScreen.xib; sourceTree = "<group>"; };
		A0FE85071A0E30C800D55F65 /* Master2Tests.xctest */ = {isa = PBXFileReference; explicitFileType = wrapper.cfbundle; includeInIndex = 0; path = Master2Tests.xctest; sourceTree = BUILT_PRODUCTS_DIR; };
		A0FE850C1A0E30C800D55F65 /* Info.plist */ = {isa = PBXFileReference; lastKnownFileType = text.plist.xml; path = Info.plist; sourceTree = "<group>"; };
		A0FE850D1A0E30C800D55F65 /* Master2Tests.m */ = {isa = PBXFileReference; lastKnownFileType = sourcecode.c.objc; path = Master2Tests.m; sourceTree = "<group>"; };
/* End PBXFileReference section */

/* Begin PBXFrameworksBuildPhase section */
		A0FE84EB1A0E30C800D55F65 /* Frameworks */ = {
			isa = PBXFrameworksBuildPhase;
			buildActionMask = 2147483647;
			files = (
			);
			runOnlyForDeploymentPostprocessing = 0;
		};
		A0FE85041A0E30C800D55F65 /* Frameworks */ = {
			isa = PBXFrameworksBuildPhase;
			buildActionMask = 2147483647;
			files = (
			);
			runOnlyForDeploymentPostprocessing = 0;
		};
/* End PBXFrameworksBuildPhase section */

/* Begin PBXGroup section */
		A0FE84E51A0E30C800D55F65 = {
			isa = PBXGroup;
			children = (
				A0FE84F01A0E30C800D55F65 /* Master2 */,
				A0FE850A1A0E30C800D55F65 /* Master2Tests */,
				A0FE84EF1A0E30C800D55F65 /* Products */,
			);
			sourceTree = "<group>";
		};
		A0FE84EF1A0E30C800D55F65 /* Products */ = {
			isa = PBXGroup;
			children = (
				A0FE84EE1A0E30C800D55F65 /* Master2.app */,
				A0FE85071A0E30C800D55F65 /* Master2Tests.xctest */,
			);
			name = Products;
			sourceTree = "<group>";
		};
		A0FE84F01A0E30C800D55F65 /* Master2 */ = {
			isa = PBXGroup;
			children = (
				A0FE84F51A0E30C800D55F65 /* AppDelegate.h */,
				A0FE84F61A0E30C800D55F65 /* AppDelegate.m */,
				A0FE84F81A0E30C800D55F65 /* ViewController.h */,
				A0FE84F91A0E30C800D55F65 /* ViewController.m */,
				A0FE84FB1A0E30C800D55F65 /* Main.storyboard */,
				A0FE84FE1A0E30C800D55F65 /* Images.xcassets */,
				A0FE85001A0E30C800D55F65 /* LaunchScreen.xib */,
				A0FE84F11A0E30C800D55F65 /* Supporting Files */,
			);
			path = Master2;
			sourceTree = "<group>";
		};
		A0FE84F11A0E30C800D55F65 /* Supporting Files */ = {
			isa = PBXGroup;
			children = (
				A0FE84F21A0E30C800D55F65 /* Info.plist */,
				A0FE84F31A0E30C800D55F65 /* main.m */,
			);
			name = "Supporting Files";
			sourceTree = "<group>";
		};
		A0FE850A1A0E30C800D55F65 /* Master2Tests */ = {
			isa = PBXGroup;
			children = (
				A0FE850D1A0E30C800D55F65 /* Master2Tests.m */,
				A0FE850B1A0E30C800D55F65 /* Supporting Files */,
			);
			path = Master2Tests;
			sourceTree = "<group>";
		};
		A0FE850B1A0E30C800D55F65 /* Supporting Files */ = {
			isa = PBXGroup;
			children = (
				A0FE850C1A0E30C800D55F65 /* Info.plist */,
			);
			name = "Supporting Files";
			sourceTree = "<group>";
		};
/* End PBXGroup section */

/* Begin PBXNativeTarget section */
		A0FE84ED1A0E30C800D55F65 /* Master2 */ = {
			isa = PBXNativeTarget;
			buildConfigurationList = A0FE85111A0E30C800D55F65 /* Build configuration list for PBXNativeTarget "Master2" */;
			buildPhases = (
				A0FE84EA1A0E30C800D55F65 /* Sources */,
				A0FE84EB1A0E30C800D55F65 /* Frameworks */,
				A0FE84EC1A0E30C800D55F65 /* Resources */,
			);
			buildRules = (
			);
			dependencies = (
			);
			name = Master2;
			productName = Master2;
			productReference = A0FE84EE1A0E30C800D55F65 /* Master2.app */;
			productType = "com.apple.product-type.application";
		};
		A0FE85061A0E30C800D55F65 /* Master2Tests */ = {
			isa = PBXNativeTarget;
			buildConfigurationList = A0FE85141A0E30C800D55F65 /* Build configuration list for PBXNativeTarget "Master2Tests" */;
			buildPhases = (
				A0FE85031A0E30C800D55F65 /* Sources */,
				A0FE85041A0E30C800D55F65 /* Frameworks */,
				A0FE85051A0E30C800D55F65 /* Resources */,
			);
			buildRules = (
			);
			dependencies = (
				A0FE85091A0E30C800D55F65 /* PBXTargetDependency */,
			);
			name = Master2Tests;
			productName = Master2Tests;
			productReference = A0FE85071A0E30C800D55F65 /* Master2Tests.xctest */;
			productType = "com.apple.product-type.bundle.unit-test";
		};
/* End PBXNativeTarget section */

/* Begin PBXProject section */
		A0FE84E61A0E30C800D55F65 /* Project object */ = {
			isa = PBXProject;
			attributes = {
				LastUpgradeCheck = 0610;
				ORGANIZATIONNAME = unipi;
				TargetAttributes = {
					A0FE84ED1A0E30C800D55F65 = {
						CreatedOnToolsVersion = 6.1;
					};
					A0FE85061A0E30C800D55F65 = {
						CreatedOnToolsVersion = 6.1;
						TestTargetID = A0FE84ED1A0E30C800D55F65;
					};
				};
			};
			buildConfigurationList = A0FE84E91A0E30C800D55F65 /* Build configuration list for PBXProject "Master2" */;
			compatibilityVersion = "Xcode 3.2";
			developmentRegion = English;
			hasScannedForEncodings = 0;
			knownRegions = (
				en,
				Base,
			);
			mainGroup = A0FE84E51A0E30C800D55F65;
			productRefGroup = A0FE84EF1A0E30C800D55F65 /* Products */;
			projectDirPath = "";
			projectRoot = "";
			targets = (
				A0FE84ED1A0E30C800D55F65 /* Master2 */,
				A0FE85061A0E30C800D55F65 /* Master2Tests */,
			);
		};
/* End PBXProject section */

/* Begin PBXResourcesBuildPhase section */
		A0FE84EC1A0E30C800D55F65 /* Resources */ = {
			isa = PBXResourcesBuildPhase;
			buildActionMask = 2147483647;
			files = (
				A0FE84FD1A0E30C800D55F65 /* Main.storyboard in Resources */,
				A0FE85021A0E30C800D55F65 /* LaunchScreen.xib in Resources */,
				A0FE84FF1A0E30C800D55F65 /* Images.xcassets in Resources */,
			);
			runOnlyForDeploymentPostprocessing = 0;
		};
		A0FE85051A0E30C800D55F65 /* Resources */ = {
			isa = PBXResourcesBuildPhase;
			buildActionMask = 2147483647;
			files = (
			);
			runOnlyForDeploymentPostprocessing = 0;
		};
/* End PBXResourcesBuildPhase section */

/* Begin PBXSourcesBuildPhase section */
		A0FE84EA1A0E30C800D55F65 /* Sources */ = {
			isa = PBXSourcesBuildPhase;
			buildActionMask = 2147483647;
			files = (
				A0FE84FA1A0E30C800D55F65 /* ViewController.m in Sources */,
				A0FE84F71A0E30C800D55F65 /* AppDelegate.m in Sources */,
				A0FE84F41A0E30C800D55F65 /* main.m in Sources */,
			);
			runOnlyForDeploymentPostprocessing = 0;
		};
		A0FE85031A0E30C800D55F65 /* Sources */ = {
			isa = PBXSourcesBuildPhase;
			buildActionMask = 2147483647;
			files = (
				A0FE850E1A0E30C800D55F65 /* Master2Tests.m in Sources */,
			);
			runOnlyForDeploymentPostprocessing = 0;
		};
/* End PBXSourcesBuildPhase section */

/* Begin PBXTargetDependency section */
		A0FE85091A0E30C800D55F65 /* PBXTargetDependency */ = {
			isa = PBXTargetDependency;
			target = A0FE84ED1A0E30C800D55F65 /* Master2 */;
			targetProxy = A0FE85081A0E30C800D55F65 /* PBXContainerItemProxy */;
		};
/* End PBXTargetDependency section */

/* Begin PBXVariantGroup section */
		A0FE84FB1A0E30C800D55F65 /* Main.storyboard */ = {
			isa = PBXVariantGroup;
			children = (
				A0FE84FC1A0E30C800D55F65 /* Base */,
			);
			name = Main.storyboard;
			sourceTree = "<group>";
		};
		A0FE85001A0E30C800D55F65 /* LaunchScreen.xib */ = {
			isa = PBXVariantGroup;
			children = (
				A0FE85011A0E30C800D55F65 /* Base */,
			);
			name = LaunchScreen.xib;
			sourceTree = "<group>";
		};
/* End PBXVariantGroup section */

/* Begin XCBuildConfiguration section */
		A0FE850F1A0E30C800D55F65 /* Debug */ = {
			isa = XCBuildConfiguration;
			buildSettings = {
				ALWAYS_SEARCH_USER_PATHS = NO;
				CLANG_CXX_LANGUAGE_STANDARD = "gnu++0x";
				CLANG_CXX_LIBRARY = "libc++";
				CLANG_ENABLE_MODULES = YES;
				CLANG_ENABLE_OBJC_ARC = YES;
				CLANG_WARN_BOOL_CONVERSION = YES;
				CLANG_WARN_CONSTANT_CONVERSION = YES;
				CLANG_WARN_DIRECT_OBJC_ISA_USAGE = YES_ERROR;
				CLANG_WARN_EMPTY_BODY = YES;
				CLANG_WARN_ENUM_CONVERSION = YES;
				CLANG_WARN_INT_CONVERSION = YES;
				CLANG_WARN_OBJC_ROOT_CLASS = YES_ERROR;
				CLANG_WARN_UNREACHABLE_CODE = YES;
				CLANG_WARN__DUPLICATE_METHOD_MATCH = YES;
				"CODE_SIGN_IDENTITY[sdk=iphoneos*]" = "iPhone Developer";
				COPY_PHASE_STRIP = NO;
				ENABLE_STRICT_OBJC_MSGSEND = YES;
				GCC_C_LANGUAGE_STANDARD = gnu99;
				GCC_DYNAMIC_NO_PIC = NO;
				GCC_OPTIMIZATION_LEVEL = 0;
				GCC_PREPROCESSOR_DEFINITIONS = (
					"DEBUG=1",
					"$(inherited)",
				);
				GCC_SYMBOLS_PRIVATE_EXTERN = NO;
				GCC_WARN_64_TO_32_BIT_CONVERSION = YES;
				GCC_WARN_ABOUT_RETURN_TYPE = YES_ERROR;
				GCC_WARN_UNDECLARED_SELECTOR = YES;
				GCC_WARN_UNINITIALIZED_AUTOS = YES_AGGRESSIVE;
				GCC_WARN_UNUSED_FUNCTION = YES;
				GCC_WARN_UNUSED_VARIABLE = YES;
				IPHONEOS_DEPLOYMENT_TARGET = 8.1;
				MTL_ENABLE_DEBUG_INFO = YES;
				ONLY_ACTIVE_ARCH = YES;
				SDKROOT = iphoneos;
			};
			name = Debug;
		};
		A0FE85101A0E30C800D55F65 /* Release */ = {
			isa = XCBuildConfiguration;
			buildSettings = {
				ALWAYS_SEARCH_USER_PATHS = NO;
				CLANG_CXX_LANGUAGE_STANDARD = "gnu++0x";
				CLANG_CXX_LIBRARY = "libc++";
				CLANG_ENABLE_MODULES = YES;
				CLANG_ENABLE_OBJC_ARC = YES;
				CLANG_WARN_BOOL_CONVERSION = YES;
				CLANG_WARN_CONSTANT_CONVERSION = YES;
				CLANG_WARN_DIRECT_OBJC_ISA_USAGE = YES_ERROR;
				CLANG_WARN_EMPTY_BODY = YES;
				CLANG_WARN_ENUM_CONVERSION = YES;
				CLANG_WARN_INT_CONVERSION = YES;
				CLANG_WARN_OBJC_ROOT_CLASS = YES_ERROR;
				CLANG_WARN_UNREACHABLE_CODE = YES;
				CLANG_WARN__DUPLICATE_METHOD_MATCH = YES;
				"CODE_SIGN_IDENTITY[sdk=iphoneos*]" = "iPhone Developer";
				COPY_PHASE_STRIP = YES;
				ENABLE_NS_ASSERTIONS = NO;
				ENABLE_STRICT_OBJC_MSGSEND = YES;
				GCC_C_LANGUAGE_STANDARD = gnu99;
				GCC_WARN_64_TO_32_BIT_CONVERSION = YES;
				GCC_WARN_ABOUT_RETURN_TYPE = YES_ERROR;
				GCC_WARN_UNDECLARED_SELECTOR = YES;
				GCC_WARN_UNINITIALIZED_AUTOS = YES_AGGRESSIVE;
				GCC_WARN_UNUSED_FUNCTION = YES;
				GCC_WARN_UNUSED_VARIABLE = YES;
				IPHONEOS_DEPLOYMENT_TARGET = 8.1;
				MTL_ENABLE_DEBUG_INFO = NO;
				SDKROOT = iphoneos;
				VALIDATE_PRODUCT = YES;
			};
			name = Release;
		};
		A0FE85121A0E30C800D55F65 /* Debug */ = {
			isa = XCBuildConfiguration;
			buildSettings = {
				ASSETCATALOG_COMPILER_APPICON_NAME = AppIcon;
				INFOPLIST_FILE = Master2/Info.plist;
				LD_RUNPATH_SEARCH_PATHS = "$(inherited) @executable_path/Frameworks";
				PRODUCT_NAME = "$(TARGET_NAME)";
				TARGETED_DEVICE_FAMILY = 1;
			};
			name = Debug;
		};
		A0FE85131A0E30C800D55F65 /* Release */ = {
			isa = XCBuildConfiguration;
			buildSettings = {
				ASSETCATALOG_COMPILER_APPICON_NAME = AppIcon;
				INFOPLIST_FILE = Master2/Info.plist;
				LD_RUNPATH_SEARCH_PATHS = "$(inherited) @executable_path/Frameworks";
				PRODUCT_NAME = "$(TARGET_NAME)";
				TARGETED_DEVICE_FAMILY = 1;
			};
			name = Release;
		};
		A0FE85151A0E30C800D55F65 /* Debug */ = {
			isa = XCBuildConfiguration;
			buildSettings = {
				BUNDLE_LOADER = "$(TEST_HOST)";
				FRAMEWORK_SEARCH_PATHS = (
					"$(SDKROOT)/Developer/Library/Frameworks",
					"$(inherited)",
				);
				GCC_PREPROCESSOR_DEFINITIONS = (
					"DEBUG=1",
					"$(inherited)",
				);
				INFOPLIST_FILE = Master2Tests/Info.plist;
				LD_RUNPATH_SEARCH_PATHS = "$(inherited) @executable_path/Frameworks @loader_path/Frameworks";
				PRODUCT_NAME = "$(TARGET_NAME)";
				TEST_HOST = "$(BUILT_PRODUCTS_DIR)/Master2.app/Master2";
			};
			name = Debug;
		};
		A0FE85161A0E30C800D55F65 /* Release */ = {
			isa = XCBuildConfiguration;
			buildSettings = {
				BUNDLE_LOADER = "$(TEST_HOST)";
				FRAMEWORK_SEARCH_PATHS = (
					"$(SDKROOT)/Developer/Library/Frameworks",
					"$(inherited)",
				);
				INFOPLIST_FILE = Master2Tests/Info.plist;
				LD_RUNPATH_SEARCH_PATHS = "$(inherited) @executable_path/Frameworks @loader_path/Frameworks";
				PRODUCT_NAME = "$(TARGET_NAME)";
				TEST_HOST = "$(BUILT_PRODUCTS_DIR)/Master2.app/Master2";
			};
			name = Release;
		};
/* End XCBuildConfiguration section */

/* Begin XCConfigurationList section */
		A0FE84E91A0E30C800D55F65 /* Build configuration list for PBXProject "Master2" */ = {
			isa = XCConfigurationList;
			buildConfigurations = (
				A0FE850F1A0E30C800D55F65 /* Debug */,
				A0FE85101A0E30C800D55F65 /* Release */,
			);
			defaultConfigurationIsVisible = 0;
			defaultConfigurationName = Release;
		};
		A0FE85111A0E30C800D55F65 /* Build configuration list for PBXNativeTarget "Master2" */ = {
			isa = XCConfigurationList;
			buildConfigurations = (
				A0FE85121A0E30C800D55F65 /* Debug */,
				A0FE85131A0E30C800D55F65 /* Release */,
			);
			defaultConfigurationIsVisible = 0;
			defaultConfigurationName = Release;
		};
		A0FE85141A0E30C800D55F65 /* Build configuration list for PBXNativeTarget "Master2Tests" */ = {
			isa = XCConfigurationList;
			buildConfigurations = (
				A0FE85151A0E30C800D55F65 /* Debug */,
				A0FE85161A0E30C800D55F65 /* Release */,
			);
			defaultConfigurationIsVisible = 0;
			defaultConfigurationName = Release;
		};
/* End XCConfigurationList section */
	};
	rootObject = A0FE84E61A0E30C800D55F65 /* Project object */;
}
